// !$*UTF8*$!
{
	archiveVersion = 1;
	classes = {
	};
	objectVersion = 50;
	objects = {

/* Begin PBXBuildFile section */
		8E0EFA8F25E0E61B00ABDDA5 /* title.json in Resources */ = {isa = PBXBuildFile; fileRef = 8E0EFA8E25E0E61B00ABDDA5 /* title.json */; };
		8E2D1C7F25E62DA300EBA92E /* BtnViewController.m in Sources */ = {isa = PBXBuildFile; fileRef = 8E2D1C7E25E62DA300EBA92E /* BtnViewController.m */; };
		8E2D1C8525E6462900EBA92E /* CircleView.m in Sources */ = {isa = PBXBuildFile; fileRef = 8E2D1C8425E6462900EBA92E /* CircleView.m */; };
		8E2D1C8F25E73BB000EBA92E /* GradientController.m in Sources */ = {isa = PBXBuildFile; fileRef = 8E2D1C8E25E73BB000EBA92E /* GradientController.m */; };
		8E2D1C9925E7749500EBA92E /* ChartViewController.m in Sources */ = {isa = PBXBuildFile; fileRef = 8E2D1C9825E7749500EBA92E /* ChartViewController.m */; };
		8E2D1CA225E774F900EBA92E /* LineChartView.m in Sources */ = {isa = PBXBuildFile; fileRef = 8E2D1CA125E774F900EBA92E /* LineChartView.m */; };
		8E2D1CA825E77DFF00EBA92E /* BarChartView.m in Sources */ = {isa = PBXBuildFile; fileRef = 8E2D1CA725E77DFF00EBA92E /* BarChartView.m */; };
		8E2D1D8725E8E2D200EBA92E /* CloudView.m in Sources */ = {isa = PBXBuildFile; fileRef = 8E2D1D8525E8E2D200EBA92E /* CloudView.m */; };
		8E89146225DE57A9009A63DD /* SpringController.m in Sources */ = {isa = PBXBuildFile; fileRef = 8E89146125DE57A9009A63DD /* SpringController.m */; };
		8E89146B25DE5D09009A63DD /* EmittrLayerController.m in Sources */ = {isa = PBXBuildFile; fileRef = 8E89146A25DE5D09009A63DD /* EmittrLayerController.m */; };
		8E9A65D125F5B47300E44083 /* ExampleViewController.m in Sources */ = {isa = PBXBuildFile; fileRef = 8E9A65D025F5B47300E44083 /* ExampleViewController.m */; };
		8E9A65DB25F5B4D200E44083 /* Transform3DController.m in Sources */ = {isa = PBXBuildFile; fileRef = 8E9A65DA25F5B4D200E44083 /* Transform3DController.m */; };
		8E9A660625F5E78500E44083 /* TvView.m in Sources */ = {isa = PBXBuildFile; fileRef = 8E9A660525F5E78500E44083 /* TvView.m */; };
		8E9A660D25F5EF7C00E44083 /* MotionView.m in Sources */ = {isa = PBXBuildFile; fileRef = 8E9A660C25F5EF7C00E44083 /* MotionView.m */; };
		8E9A661625F5F16300E44083 /* MotionViewController.m in Sources */ = {isa = PBXBuildFile; fileRef = 8E9A661525F5F16300E44083 /* MotionViewController.m */; };
		8E9A662625F61C6D00E44083 /* ReplicatorViewController.m in Sources */ = {isa = PBXBuildFile; fileRef = 8E9A662525F61C6D00E44083 /* ReplicatorViewController.m */; };
		8E9B96F625CCE16200CEE25E /* AppDelegate.m in Sources */ = {isa = PBXBuildFile; fileRef = 8E9B96F525CCE16200CEE25E /* AppDelegate.m */; };
		8E9B96F925CCE16200CEE25E /* SceneDelegate.m in Sources */ = {isa = PBXBuildFile; fileRef = 8E9B96F825CCE16200CEE25E /* SceneDelegate.m */; };
		8E9B96FC25CCE16200CEE25E /* ViewController.m in Sources */ = {isa = PBXBuildFile; fileRef = 8E9B96FB25CCE16200CEE25E /* ViewController.m */; };
		8E9B96FF25CCE16200CEE25E /* Main.storyboard in Resources */ = {isa = PBXBuildFile; fileRef = 8E9B96FD25CCE16200CEE25E /* Main.storyboard */; };
		8E9B970125CCE16300CEE25E /* Assets.xcassets in Resources */ = {isa = PBXBuildFile; fileRef = 8E9B970025CCE16300CEE25E /* Assets.xcassets */; };
		8E9B970425CCE16300CEE25E /* LaunchScreen.storyboard in Resources */ = {isa = PBXBuildFile; fileRef = 8E9B970225CCE16300CEE25E /* LaunchScreen.storyboard */; };
		8E9B970725CCE16300CEE25E /* main.m in Sources */ = {isa = PBXBuildFile; fileRef = 8E9B970625CCE16300CEE25E /* main.m */; };
		8E9B971125CCE16300CEE25E /* animationTests.m in Sources */ = {isa = PBXBuildFile; fileRef = 8E9B971025CCE16300CEE25E /* animationTests.m */; };
		8E9B971C25CCE16300CEE25E /* animationUITests.m in Sources */ = {isa = PBXBuildFile; fileRef = 8E9B971B25CCE16300CEE25E /* animationUITests.m */; };
		8E9B978725D2230300CEE25E /* BasicViewController.m in Sources */ = {isa = PBXBuildFile; fileRef = 8E9B978625D2230300CEE25E /* BasicViewController.m */; };
		8E9B978E25D2231C00CEE25E /* KeyViewController.m in Sources */ = {isa = PBXBuildFile; fileRef = 8E9B978D25D2231C00CEE25E /* KeyViewController.m */; };
		8E9B979725D22F2200CEE25E /* TransitionViewController.m in Sources */ = {isa = PBXBuildFile; fileRef = 8E9B979625D22F2200CEE25E /* TransitionViewController.m */; };
		8E9B979E25D23A5F00CEE25E /* GroupViewController.m in Sources */ = {isa = PBXBuildFile; fileRef = 8E9B979C25D23A5F00CEE25E /* GroupViewController.m */; };
		8E9B97A825D25DBE00CEE25E /* BaseViewController.m in Sources */ = {isa = PBXBuildFile; fileRef = 8E9B97A725D25DBE00CEE25E /* BaseViewController.m */; };
/* End PBXBuildFile section */

/* Begin PBXContainerItemProxy section */
		8E9B970D25CCE16300CEE25E /* PBXContainerItemProxy */ = {
			isa = PBXContainerItemProxy;
			containerPortal = 8E9B96E925CCE16200CEE25E /* Project object */;
			proxyType = 1;
			remoteGlobalIDString = 8E9B96F025CCE16200CEE25E;
			remoteInfo = animation;
		};
		8E9B971825CCE16300CEE25E /* PBXContainerItemProxy */ = {
			isa = PBXContainerItemProxy;
			containerPortal = 8E9B96E925CCE16200CEE25E /* Project object */;
			proxyType = 1;
			remoteGlobalIDString = 8E9B96F025CCE16200CEE25E;
			remoteInfo = animation;
		};
/* End PBXContainerItemProxy section */

/* Begin PBXFileReference section */
		8E0EFA8E25E0E61B00ABDDA5 /* title.json */ = {isa = PBXFileReference; fileEncoding = 4; lastKnownFileType = text.json; path = title.json; sourceTree = "<group>"; };
		8E2D1C7D25E62DA300EBA92E /* BtnViewController.h */ = {isa = PBXFileReference; lastKnownFileType = sourcecode.c.h; path = BtnViewController.h; sourceTree = "<group>"; };
		8E2D1C7E25E62DA300EBA92E /* BtnViewController.m */ = {isa = PBXFileReference; lastKnownFileType = sourcecode.c.objc; path = BtnViewController.m; sourceTree = "<group>"; };
		8E2D1C8325E6462900EBA92E /* CircleView.h */ = {isa = PBXFileReference; lastKnownFileType = sourcecode.c.h; path = CircleView.h; sourceTree = "<group>"; };
		8E2D1C8425E6462900EBA92E /* CircleView.m */ = {isa = PBXFileReference; lastKnownFileType = sourcecode.c.objc; path = CircleView.m; sourceTree = "<group>"; };
		8E2D1C8D25E73BB000EBA92E /* GradientController.h */ = {isa = PBXFileReference; lastKnownFileType = sourcecode.c.h; path = GradientController.h; sourceTree = "<group>"; };
		8E2D1C8E25E73BB000EBA92E /* GradientController.m */ = {isa = PBXFileReference; lastKnownFileType = sourcecode.c.objc; path = GradientController.m; sourceTree = "<group>"; };
		8E2D1C9725E7749500EBA92E /* ChartViewController.h */ = {isa = PBXFileReference; lastKnownFileType = sourcecode.c.h; path = ChartViewController.h; sourceTree = "<group>"; };
		8E2D1C9825E7749500EBA92E /* ChartViewController.m */ = {isa = PBXFileReference; lastKnownFileType = sourcecode.c.objc; path = ChartViewController.m; sourceTree = "<group>"; };
		8E2D1CA025E774F900EBA92E /* LineChartView.h */ = {isa = PBXFileReference; lastKnownFileType = sourcecode.c.h; path = LineChartView.h; sourceTree = "<group>"; };
		8E2D1CA125E774F900EBA92E /* LineChartView.m */ = {isa = PBXFileReference; lastKnownFileType = sourcecode.c.objc; path = LineChartView.m; sourceTree = "<group>"; };
		8E2D1CA625E77DFF00EBA92E /* BarChartView.h */ = {isa = PBXFileReference; lastKnownFileType = sourcecode.c.h; path = BarChartView.h; sourceTree = "<group>"; };
		8E2D1CA725E77DFF00EBA92E /* BarChartView.m */ = {isa = PBXFileReference; lastKnownFileType = sourcecode.c.objc; path = BarChartView.m; sourceTree = "<group>"; };
		8E2D1D8525E8E2D200EBA92E /* CloudView.m */ = {isa = PBXFileReference; fileEncoding = 4; lastKnownFileType = sourcecode.c.objc; path = CloudView.m; sourceTree = "<group>"; };
		8E2D1D8625E8E2D200EBA92E /* CloudView.h */ = {isa = PBXFileReference; fileEncoding = 4; lastKnownFileType = sourcecode.c.h; path = CloudView.h; sourceTree = "<group>"; };
		8E89146025DE57A9009A63DD /* SpringController.h */ = {isa = PBXFileReference; lastKnownFileType = sourcecode.c.h; path = SpringController.h; sourceTree = "<group>"; };
		8E89146125DE57A9009A63DD /* SpringController.m */ = {isa = PBXFileReference; lastKnownFileType = sourcecode.c.objc; path = SpringController.m; sourceTree = "<group>"; };
		8E89146925DE5D09009A63DD /* EmittrLayerController.h */ = {isa = PBXFileReference; lastKnownFileType = sourcecode.c.h; path = EmittrLayerController.h; sourceTree = "<group>"; };
		8E89146A25DE5D09009A63DD /* EmittrLayerController.m */ = {isa = PBXFileReference; lastKnownFileType = sourcecode.c.objc; path = EmittrLayerController.m; sourceTree = "<group>"; };
		8E9A65CF25F5B47300E44083 /* ExampleViewController.h */ = {isa = PBXFileReference; lastKnownFileType = sourcecode.c.h; path = ExampleViewController.h; sourceTree = "<group>"; };
		8E9A65D025F5B47300E44083 /* ExampleViewController.m */ = {isa = PBXFileReference; lastKnownFileType = sourcecode.c.objc; path = ExampleViewController.m; sourceTree = "<group>"; };
		8E9A65D925F5B4D200E44083 /* Transform3DController.h */ = {isa = PBXFileReference; lastKnownFileType = sourcecode.c.h; path = Transform3DController.h; sourceTree = "<group>"; };
		8E9A65DA25F5B4D200E44083 /* Transform3DController.m */ = {isa = PBXFileReference; lastKnownFileType = sourcecode.c.objc; path = Transform3DController.m; sourceTree = "<group>"; };
		8E9A660425F5E78500E44083 /* TvView.h */ = {isa = PBXFileReference; lastKnownFileType = sourcecode.c.h; path = TvView.h; sourceTree = "<group>"; };
		8E9A660525F5E78500E44083 /* TvView.m */ = {isa = PBXFileReference; lastKnownFileType = sourcecode.c.objc; path = TvView.m; sourceTree = "<group>"; };
		8E9A660B25F5EF7C00E44083 /* MotionView.h */ = {isa = PBXFileReference; lastKnownFileType = sourcecode.c.h; path = MotionView.h; sourceTree = "<group>"; };
		8E9A660C25F5EF7C00E44083 /* MotionView.m */ = {isa = PBXFileReference; lastKnownFileType = sourcecode.c.objc; path = MotionView.m; sourceTree = "<group>"; };
		8E9A661425F5F16300E44083 /* MotionViewController.h */ = {isa = PBXFileReference; lastKnownFileType = sourcecode.c.h; path = MotionViewController.h; sourceTree = "<group>"; };
		8E9A661525F5F16300E44083 /* MotionViewController.m */ = {isa = PBXFileReference; lastKnownFileType = sourcecode.c.objc; path = MotionViewController.m; sourceTree = "<group>"; };
		8E9A662425F61C6D00E44083 /* ReplicatorViewController.h */ = {isa = PBXFileReference; lastKnownFileType = sourcecode.c.h; path = ReplicatorViewController.h; sourceTree = "<group>"; };
		8E9A662525F61C6D00E44083 /* ReplicatorViewController.m */ = {isa = PBXFileReference; lastKnownFileType = sourcecode.c.objc; path = ReplicatorViewController.m; sourceTree = "<group>"; };
		8E9B96F125CCE16200CEE25E /* animation.app */ = {isa = PBXFileReference; explicitFileType = wrapper.application; includeInIndex = 0; path = animation.app; sourceTree = BUILT_PRODUCTS_DIR; };
		8E9B96F425CCE16200CEE25E /* AppDelegate.h */ = {isa = PBXFileReference; lastKnownFileType = sourcecode.c.h; path = AppDelegate.h; sourceTree = "<group>"; };
		8E9B96F525CCE16200CEE25E /* AppDelegate.m */ = {isa = PBXFileReference; lastKnownFileType = sourcecode.c.objc; path = AppDelegate.m; sourceTree = "<group>"; };
		8E9B96F725CCE16200CEE25E /* SceneDelegate.h */ = {isa = PBXFileReference; lastKnownFileType = sourcecode.c.h; path = SceneDelegate.h; sourceTree = "<group>"; };
		8E9B96F825CCE16200CEE25E /* SceneDelegate.m */ = {isa = PBXFileReference; lastKnownFileType = sourcecode.c.objc; path = SceneDelegate.m; sourceTree = "<group>"; };
		8E9B96FA25CCE16200CEE25E /* ViewController.h */ = {isa = PBXFileReference; lastKnownFileType = sourcecode.c.h; path = ViewController.h; sourceTree = "<group>"; };
		8E9B96FB25CCE16200CEE25E /* ViewController.m */ = {isa = PBXFileReference; lastKnownFileType = sourcecode.c.objc; path = ViewController.m; sourceTree = "<group>"; };
		8E9B96FE25CCE16200CEE25E /* Base */ = {isa = PBXFileReference; lastKnownFileType = file.storyboard; name = Base; path = Base.lproj/Main.storyboard; sourceTree = "<group>"; };
		8E9B970025CCE16300CEE25E /* Assets.xcassets */ = {isa = PBXFileReference; lastKnownFileType = folder.assetcatalog; path = Assets.xcassets; sourceTree = "<group>"; };
		8E9B970325CCE16300CEE25E /* Base */ = {isa = PBXFileReference; lastKnownFileType = file.storyboard; name = Base; path = Base.lproj/LaunchScreen.storyboard; sourceTree = "<group>"; };
		8E9B970525CCE16300CEE25E /* Info.plist */ = {isa = PBXFileReference; lastKnownFileType = text.plist.xml; path = Info.plist; sourceTree = "<group>"; };
		8E9B970625CCE16300CEE25E /* main.m */ = {isa = PBXFileReference; lastKnownFileType = sourcecode.c.objc; path = main.m; sourceTree = "<group>"; };
		8E9B970C25CCE16300CEE25E /* animationTests.xctest */ = {isa = PBXFileReference; explicitFileType = wrapper.cfbundle; includeInIndex = 0; path = animationTests.xctest; sourceTree = BUILT_PRODUCTS_DIR; };
		8E9B971025CCE16300CEE25E /* animationTests.m */ = {isa = PBXFileReference; lastKnownFileType = sourcecode.c.objc; path = animationTests.m; sourceTree = "<group>"; };
		8E9B971225CCE16300CEE25E /* Info.plist */ = {isa = PBXFileReference; lastKnownFileType = text.plist.xml; path = Info.plist; sourceTree = "<group>"; };
		8E9B971725CCE16300CEE25E /* animationUITests.xctest */ = {isa = PBXFileReference; explicitFileType = wrapper.cfbundle; includeInIndex = 0; path = animationUITests.xctest; sourceTree = BUILT_PRODUCTS_DIR; };
		8E9B971B25CCE16300CEE25E /* animationUITests.m */ = {isa = PBXFileReference; lastKnownFileType = sourcecode.c.objc; path = animationUITests.m; sourceTree = "<group>"; };
		8E9B971D25CCE16300CEE25E /* Info.plist */ = {isa = PBXFileReference; lastKnownFileType = text.plist.xml; path = Info.plist; sourceTree = "<group>"; };
		8E9B978525D2230300CEE25E /* BasicViewController.h */ = {isa = PBXFileReference; lastKnownFileType = sourcecode.c.h; path = BasicViewController.h; sourceTree = "<group>"; };
		8E9B978625D2230300CEE25E /* BasicViewController.m */ = {isa = PBXFileReference; lastKnownFileType = sourcecode.c.objc; path = BasicViewController.m; sourceTree = "<group>"; };
		8E9B978C25D2231C00CEE25E /* KeyViewController.h */ = {isa = PBXFileReference; lastKnownFileType = sourcecode.c.h; path = KeyViewController.h; sourceTree = "<group>"; };
		8E9B978D25D2231C00CEE25E /* KeyViewController.m */ = {isa = PBXFileReference; lastKnownFileType = sourcecode.c.objc; path = KeyViewController.m; sourceTree = "<group>"; };
		8E9B979525D22F2200CEE25E /* TransitionViewController.h */ = {isa = PBXFileReference; lastKnownFileType = sourcecode.c.h; path = TransitionViewController.h; sourceTree = "<group>"; };
		8E9B979625D22F2200CEE25E /* TransitionViewController.m */ = {isa = PBXFileReference; lastKnownFileType = sourcecode.c.objc; path = TransitionViewController.m; sourceTree = "<group>"; };
		8E9B979B25D23A5F00CEE25E /* GroupViewController.h */ = {isa = PBXFileReference; lastKnownFileType = sourcecode.c.h; path = GroupViewController.h; sourceTree = "<group>"; };
		8E9B979C25D23A5F00CEE25E /* GroupViewController.m */ = {isa = PBXFileReference; lastKnownFileType = sourcecode.c.objc; path = GroupViewController.m; sourceTree = "<group>"; };
		8E9B97A625D25DBE00CEE25E /* BaseViewController.h */ = {isa = PBXFileReference; lastKnownFileType = sourcecode.c.h; path = BaseViewController.h; sourceTree = "<group>"; };
		8E9B97A725D25DBE00CEE25E /* BaseViewController.m */ = {isa = PBXFileReference; lastKnownFileType = sourcecode.c.objc; path = BaseViewController.m; sourceTree = "<group>"; };
/* End PBXFileReference section */

/* Begin PBXFrameworksBuildPhase section */
		8E9B96EE25CCE16200CEE25E /* Frameworks */ = {
			isa = PBXFrameworksBuildPhase;
			buildActionMask = 2147483647;
			files = (
			);
			runOnlyForDeploymentPostprocessing = 0;
		};
		8E9B970925CCE16300CEE25E /* Frameworks */ = {
			isa = PBXFrameworksBuildPhase;
			buildActionMask = 2147483647;
			files = (
			);
			runOnlyForDeploymentPostprocessing = 0;
		};
		8E9B971425CCE16300CEE25E /* Frameworks */ = {
			isa = PBXFrameworksBuildPhase;
			buildActionMask = 2147483647;
			files = (
			);
			runOnlyForDeploymentPostprocessing = 0;
		};
/* End PBXFrameworksBuildPhase section */

/* Begin PBXGroup section */
		8E2D1C7C25E62D7E00EBA92E /* 动画组案例 */ = {
			isa = PBXGroup;
			children = (
				8E2D1C7D25E62DA300EBA92E /* BtnViewController.h */,
				8E2D1C7E25E62DA300EBA92E /* BtnViewController.m */,
				8E2D1C8325E6462900EBA92E /* CircleView.h */,
				8E2D1C8425E6462900EBA92E /* CircleView.m */,
			);
			path = "动画组案例";
			sourceTree = "<group>";
		};
		8E2D1C8C25E73B7300EBA92E /* CAGradientLayer */ = {
			isa = PBXGroup;
			children = (
				8E2D1C8D25E73BB000EBA92E /* GradientController.h */,
				8E2D1C8E25E73BB000EBA92E /* GradientController.m */,
			);
			path = CAGradientLayer;
			sourceTree = "<group>";
		};
		8E2D1C9625E7430600EBA92E /* chart */ = {
			isa = PBXGroup;
			children = (
				8E2D1C9725E7749500EBA92E /* ChartViewController.h */,
				8E2D1C9825E7749500EBA92E /* ChartViewController.m */,
				8E2D1CA025E774F900EBA92E /* LineChartView.h */,
				8E2D1CA125E774F900EBA92E /* LineChartView.m */,
				8E2D1CA625E77DFF00EBA92E /* BarChartView.h */,
				8E2D1CA725E77DFF00EBA92E /* BarChartView.m */,
			);
			path = chart;
			sourceTree = "<group>";
		};
		8E2D1D8425E8E2C000EBA92E /* CAReplicatorLayer */ = {
			isa = PBXGroup;
			children = (
				8E9A662425F61C6D00E44083 /* ReplicatorViewController.h */,
				8E9A662525F61C6D00E44083 /* ReplicatorViewController.m */,
			);
			path = CAReplicatorLayer;
			sourceTree = "<group>";
		};
		8E9A65CE25F5B41400E44083 /* Example */ = {
			isa = PBXGroup;
			children = (
				8E9A65CF25F5B47300E44083 /* ExampleViewController.h */,
				8E9A65D025F5B47300E44083 /* ExampleViewController.m */,
				8E9A660425F5E78500E44083 /* TvView.h */,
				8E9A660525F5E78500E44083 /* TvView.m */,
			);
			path = Example;
			sourceTree = "<group>";
		};
		8E9A65D825F5B4AF00E44083 /* CATransform3D */ = {
			isa = PBXGroup;
			children = (
				8E9A65D925F5B4D200E44083 /* Transform3DController.h */,
				8E9A65DA25F5B4D200E44083 /* Transform3DController.m */,
			);
			path = CATransform3D;
			sourceTree = "<group>";
		};
		8E9A660A25F5EF6800E44083 /* CoreMotion */ = {
			isa = PBXGroup;
			children = (
				8E9A660B25F5EF7C00E44083 /* MotionView.h */,
				8E9A660C25F5EF7C00E44083 /* MotionView.m */,
				8E9A661425F5F16300E44083 /* MotionViewController.h */,
				8E9A661525F5F16300E44083 /* MotionViewController.m */,
			);
			path = CoreMotion;
			sourceTree = "<group>";
		};
		8E9A663625F70F2700E44083 /* CAEmittrLayer */ = {
			isa = PBXGroup;
			children = (
				8E89146925DE5D09009A63DD /* EmittrLayerController.h */,
				8E89146A25DE5D09009A63DD /* EmittrLayerController.m */,
				8E2D1D8625E8E2D200EBA92E /* CloudView.h */,
				8E2D1D8525E8E2D200EBA92E /* CloudView.m */,
			);
			path = CAEmittrLayer;
			sourceTree = "<group>";
		};
		8E9B96E825CCE16200CEE25E = {
			isa = PBXGroup;
			children = (
				8E9B96F325CCE16200CEE25E /* animation */,
				8E9B970F25CCE16300CEE25E /* animationTests */,
				8E9B971A25CCE16300CEE25E /* animationUITests */,
				8E9B96F225CCE16200CEE25E /* Products */,
			);
			sourceTree = "<group>";
		};
		8E9B96F225CCE16200CEE25E /* Products */ = {
			isa = PBXGroup;
			children = (
				8E9B96F125CCE16200CEE25E /* animation.app */,
				8E9B970C25CCE16300CEE25E /* animationTests.xctest */,
				8E9B971725CCE16300CEE25E /* animationUITests.xctest */,
			);
			name = Products;
			sourceTree = "<group>";
		};
		8E9B96F325CCE16200CEE25E /* animation */ = {
			isa = PBXGroup;
			children = (
				8E9B978B25D2230700CEE25E /* CAAnimation */,
				8E9A65D825F5B4AF00E44083 /* CATransform3D */,
				8E2D1D8425E8E2C000EBA92E /* CAReplicatorLayer */,
				8E2D1C8C25E73B7300EBA92E /* CAGradientLayer */,
				8E9A663625F70F2700E44083 /* CAEmittrLayer */,
				8E9A660A25F5EF6800E44083 /* CoreMotion */,
				8E9A65CE25F5B41400E44083 /* Example */,
				8E2D1C9625E7430600EBA92E /* chart */,
				8E2D1C7C25E62D7E00EBA92E /* 动画组案例 */,
				8E0EFA8E25E0E61B00ABDDA5 /* title.json */,
				8E9B96F425CCE16200CEE25E /* AppDelegate.h */,
				8E9B96F525CCE16200CEE25E /* AppDelegate.m */,
				8E9B96F725CCE16200CEE25E /* SceneDelegate.h */,
				8E9B96F825CCE16200CEE25E /* SceneDelegate.m */,
				8E9B96FA25CCE16200CEE25E /* ViewController.h */,
				8E9B96FB25CCE16200CEE25E /* ViewController.m */,
				8E9B96FD25CCE16200CEE25E /* Main.storyboard */,
				8E9B970025CCE16300CEE25E /* Assets.xcassets */,
				8E9B970225CCE16300CEE25E /* LaunchScreen.storyboard */,
				8E9B970525CCE16300CEE25E /* Info.plist */,
				8E9B970625CCE16300CEE25E /* main.m */,
			);
			path = animation;
			sourceTree = "<group>";
		};
		8E9B970F25CCE16300CEE25E /* animationTests */ = {
			isa = PBXGroup;
			children = (
				8E9B971025CCE16300CEE25E /* animationTests.m */,
				8E9B971225CCE16300CEE25E /* Info.plist */,
			);
			path = animationTests;
			sourceTree = "<group>";
		};
		8E9B971A25CCE16300CEE25E /* animationUITests */ = {
			isa = PBXGroup;
			children = (
				8E9B971B25CCE16300CEE25E /* animationUITests.m */,
				8E9B971D25CCE16300CEE25E /* Info.plist */,
			);
			path = animationUITests;
			sourceTree = "<group>";
		};
		8E9B978B25D2230700CEE25E /* CAAnimation */ = {
			isa = PBXGroup;
			children = (
				8E9B97A625D25DBE00CEE25E /* BaseViewController.h */,
				8E9B97A725D25DBE00CEE25E /* BaseViewController.m */,
				8E9B978525D2230300CEE25E /* BasicViewController.h */,
				8E9B978625D2230300CEE25E /* BasicViewController.m */,
				8E9B978C25D2231C00CEE25E /* KeyViewController.h */,
				8E9B978D25D2231C00CEE25E /* KeyViewController.m */,
				8E9B979525D22F2200CEE25E /* TransitionViewController.h */,
				8E9B979625D22F2200CEE25E /* TransitionViewController.m */,
				8E9B979B25D23A5F00CEE25E /* GroupViewController.h */,
				8E9B979C25D23A5F00CEE25E /* GroupViewController.m */,
				8E89146025DE57A9009A63DD /* SpringController.h */,
				8E89146125DE57A9009A63DD /* SpringController.m */,
			);
			path = CAAnimation;
			sourceTree = "<group>";
		};
/* End PBXGroup section */

/* Begin PBXNativeTarget section */
		8E9B96F025CCE16200CEE25E /* animation */ = {
			isa = PBXNativeTarget;
			buildConfigurationList = 8E9B972025CCE16300CEE25E /* Build configuration list for PBXNativeTarget "animation" */;
			buildPhases = (
				8E9B96ED25CCE16200CEE25E /* Sources */,
				8E9B96EE25CCE16200CEE25E /* Frameworks */,
				8E9B96EF25CCE16200CEE25E /* Resources */,
			);
			buildRules = (
			);
			dependencies = (
			);
			name = animation;
			productName = animation;
			productReference = 8E9B96F125CCE16200CEE25E /* animation.app */;
			productType = "com.apple.product-type.application";
		};
		8E9B970B25CCE16300CEE25E /* animationTests */ = {
			isa = PBXNativeTarget;
			buildConfigurationList = 8E9B972325CCE16300CEE25E /* Build configuration list for PBXNativeTarget "animationTests" */;
			buildPhases = (
				8E9B970825CCE16300CEE25E /* Sources */,
				8E9B970925CCE16300CEE25E /* Frameworks */,
				8E9B970A25CCE16300CEE25E /* Resources */,
			);
			buildRules = (
			);
			dependencies = (
				8E9B970E25CCE16300CEE25E /* PBXTargetDependency */,
			);
			name = animationTests;
			productName = animationTests;
			productReference = 8E9B970C25CCE16300CEE25E /* animationTests.xctest */;
			productType = "com.apple.product-type.bundle.unit-test";
		};
		8E9B971625CCE16300CEE25E /* animationUITests */ = {
			isa = PBXNativeTarget;
			buildConfigurationList = 8E9B972625CCE16300CEE25E /* Build configuration list for PBXNativeTarget "animationUITests" */;
			buildPhases = (
				8E9B971325CCE16300CEE25E /* Sources */,
				8E9B971425CCE16300CEE25E /* Frameworks */,
				8E9B971525CCE16300CEE25E /* Resources */,
			);
			buildRules = (
			);
			dependencies = (
				8E9B971925CCE16300CEE25E /* PBXTargetDependency */,
			);
			name = animationUITests;
			productName = animationUITests;
			productReference = 8E9B971725CCE16300CEE25E /* animationUITests.xctest */;
			productType = "com.apple.product-type.bundle.ui-testing";
		};
/* End PBXNativeTarget section */

/* Begin PBXProject section */
		8E9B96E925CCE16200CEE25E /* Project object */ = {
			isa = PBXProject;
			attributes = {
				LastUpgradeCheck = 1230;
				TargetAttributes = {
					8E9B96F025CCE16200CEE25E = {
						CreatedOnToolsVersion = 12.3;
					};
					8E9B970B25CCE16300CEE25E = {
						CreatedOnToolsVersion = 12.3;
						TestTargetID = 8E9B96F025CCE16200CEE25E;
					};
					8E9B971625CCE16300CEE25E = {
						CreatedOnToolsVersion = 12.3;
						TestTargetID = 8E9B96F025CCE16200CEE25E;
					};
				};
			};
			buildConfigurationList = 8E9B96EC25CCE16200CEE25E /* Build configuration list for PBXProject "animation" */;
			compatibilityVersion = "Xcode 9.3";
			developmentRegion = en;
			hasScannedForEncodings = 0;
			knownRegions = (
				en,
				Base,
			);
			mainGroup = 8E9B96E825CCE16200CEE25E;
			productRefGroup = 8E9B96F225CCE16200CEE25E /* Products */;
			projectDirPath = "";
			projectRoot = "";
			targets = (
				8E9B96F025CCE16200CEE25E /* animation */,
				8E9B970B25CCE16300CEE25E /* animationTests */,
				8E9B971625CCE16300CEE25E /* animationUITests */,
			);
		};
/* End PBXProject section */

/* Begin PBXResourcesBuildPhase section */
		8E9B96EF25CCE16200CEE25E /* Resources */ = {
			isa = PBXResourcesBuildPhase;
			buildActionMask = 2147483647;
			files = (
				8E0EFA8F25E0E61B00ABDDA5 /* title.json in Resources */,
				8E9B970425CCE16300CEE25E /* LaunchScreen.storyboard in Resources */,
				8E9B970125CCE16300CEE25E /* Assets.xcassets in Resources */,
				8E9B96FF25CCE16200CEE25E /* Main.storyboard in Resources */,
			);
			runOnlyForDeploymentPostprocessing = 0;
		};
		8E9B970A25CCE16300CEE25E /* Resources */ = {
			isa = PBXResourcesBuildPhase;
			buildActionMask = 2147483647;
			files = (
			);
			runOnlyForDeploymentPostprocessing = 0;
		};
		8E9B971525CCE16300CEE25E /* Resources */ = {
			isa = PBXResourcesBuildPhase;
			buildActionMask = 2147483647;
			files = (
			);
			runOnlyForDeploymentPostprocessing = 0;
		};
/* End PBXResourcesBuildPhase section */

/* Begin PBXSourcesBuildPhase section */
		8E9B96ED25CCE16200CEE25E /* Sources */ = {
			isa = PBXSourcesBuildPhase;
			buildActionMask = 2147483647;
			files = (
				8E9B978E25D2231C00CEE25E /* KeyViewController.m in Sources */,
				8E9A662625F61C6D00E44083 /* ReplicatorViewController.m in Sources */,
				8E9A65DB25F5B4D200E44083 /* Transform3DController.m in Sources */,
				8E2D1CA825E77DFF00EBA92E /* BarChartView.m in Sources */,
				8E9B97A825D25DBE00CEE25E /* BaseViewController.m in Sources */,
				8E9A661625F5F16300E44083 /* MotionViewController.m in Sources */,
				8E9A660D25F5EF7C00E44083 /* MotionView.m in Sources */,
				8E89146225DE57A9009A63DD /* SpringController.m in Sources */,
				8E2D1C8F25E73BB000EBA92E /* GradientController.m in Sources */,
				8E89146B25DE5D09009A63DD /* EmittrLayerController.m in Sources */,
				8E9B979725D22F2200CEE25E /* TransitionViewController.m in Sources */,
				8E2D1C7F25E62DA300EBA92E /* BtnViewController.m in Sources */,
				8E9B96FC25CCE16200CEE25E /* ViewController.m in Sources */,
				8E9B96F625CCE16200CEE25E /* AppDelegate.m in Sources */,
				8E2D1C8525E6462900EBA92E /* CircleView.m in Sources */,
				8E2D1C9925E7749500EBA92E /* ChartViewController.m in Sources */,
				8E9B979E25D23A5F00CEE25E /* GroupViewController.m in Sources */,
				8E9A660625F5E78500E44083 /* TvView.m in Sources */,
				8E9B970725CCE16300CEE25E /* main.m in Sources */,
				8E9B978725D2230300CEE25E /* BasicViewController.m in Sources */,
				8E9A65D125F5B47300E44083 /* ExampleViewController.m in Sources */,
				8E9B96F925CCE16200CEE25E /* SceneDelegate.m in Sources */,
				8E2D1D8725E8E2D200EBA92E /* CloudView.m in Sources */,
				8E2D1CA225E774F900EBA92E /* LineChartView.m in Sources */,
			);
			runOnlyForDeploymentPostprocessing = 0;
		};
		8E9B970825CCE16300CEE25E /* Sources */ = {
			isa = PBXSourcesBuildPhase;
			buildActionMask = 2147483647;
			files = (
				8E9B971125CCE16300CEE25E /* animationTests.m in Sources */,
			);
			runOnlyForDeploymentPostprocessing = 0;
		};
		8E9B971325CCE16300CEE25E /* Sources */ = {
			isa = PBXSourcesBuildPhase;
			buildActionMask = 2147483647;
			files = (
				8E9B971C25CCE16300CEE25E /* animationUITests.m in Sources */,
			);
			runOnlyForDeploymentPostprocessing = 0;
		};
/* End PBXSourcesBuildPhase section */

/* Begin PBXTargetDependency section */
		8E9B970E25CCE16300CEE25E /* PBXTargetDependency */ = {
			isa = PBXTargetDependency;
			target = 8E9B96F025CCE16200CEE25E /* animation */;
			targetProxy = 8E9B970D25CCE16300CEE25E /* PBXContainerItemProxy */;
		};
		8E9B971925CCE16300CEE25E /* PBXTargetDependency */ = {
			isa = PBXTargetDependency;
			target = 8E9B96F025CCE16200CEE25E /* animation */;
			targetProxy = 8E9B971825CCE16300CEE25E /* PBXContainerItemProxy */;
		};
/* End PBXTargetDependency section */

/* Begin PBXVariantGroup section */
		8E9B96FD25CCE16200CEE25E /* Main.storyboard */ = {
			isa = PBXVariantGroup;
			children = (
				8E9B96FE25CCE16200CEE25E /* Base */,
			);
			name = Main.storyboard;
			sourceTree = "<group>";
		};
		8E9B970225CCE16300CEE25E /* LaunchScreen.storyboard */ = {
			isa = PBXVariantGroup;
			children = (
				8E9B970325CCE16300CEE25E /* Base */,
			);
			name = LaunchScreen.storyboard;
			sourceTree = "<group>";
		};
/* End PBXVariantGroup section */

/* Begin XCBuildConfiguration section */
		8E9B971E25CCE16300CEE25E /* Debug */ = {
			isa = XCBuildConfiguration;
			buildSettings = {
				ALWAYS_SEARCH_USER_PATHS = NO;
				CLANG_ANALYZER_NONNULL = YES;
				CLANG_ANALYZER_NUMBER_OBJECT_CONVERSION = YES_AGGRESSIVE;
				CLANG_CXX_LANGUAGE_STANDARD = "gnu++14";
				CLANG_CXX_LIBRARY = "libc++";
				CLANG_ENABLE_MODULES = YES;
				CLANG_ENABLE_OBJC_ARC = YES;
				CLANG_ENABLE_OBJC_WEAK = YES;
				CLANG_WARN_BLOCK_CAPTURE_AUTORELEASING = YES;
				CLANG_WARN_BOOL_CONVERSION = YES;
				CLANG_WARN_COMMA = YES;
				CLANG_WARN_CONSTANT_CONVERSION = YES;
				CLANG_WARN_DEPRECATED_OBJC_IMPLEMENTATIONS = YES;
				CLANG_WARN_DIRECT_OBJC_ISA_USAGE = YES_ERROR;
				CLANG_WARN_DOCUMENTATION_COMMENTS = YES;
				CLANG_WARN_EMPTY_BODY = YES;
				CLANG_WARN_ENUM_CONVERSION = YES;
				CLANG_WARN_INFINITE_RECURSION = YES;
				CLANG_WARN_INT_CONVERSION = YES;
				CLANG_WARN_NON_LITERAL_NULL_CONVERSION = YES;
				CLANG_WARN_OBJC_IMPLICIT_RETAIN_SELF = YES;
				CLANG_WARN_OBJC_LITERAL_CONVERSION = YES;
				CLANG_WARN_OBJC_ROOT_CLASS = YES_ERROR;
				CLANG_WARN_QUOTED_INCLUDE_IN_FRAMEWORK_HEADER = YES;
				CLANG_WARN_RANGE_LOOP_ANALYSIS = YES;
				CLANG_WARN_STRICT_PROTOTYPES = YES;
				CLANG_WARN_SUSPICIOUS_MOVE = YES;
				CLANG_WARN_UNGUARDED_AVAILABILITY = YES_AGGRESSIVE;
				CLANG_WARN_UNREACHABLE_CODE = YES;
				CLANG_WARN__DUPLICATE_METHOD_MATCH = YES;
				COPY_PHASE_STRIP = NO;
				DEBUG_INFORMATION_FORMAT = dwarf;
				ENABLE_STRICT_OBJC_MSGSEND = YES;
				ENABLE_TESTABILITY = YES;
				GCC_C_LANGUAGE_STANDARD = gnu11;
				GCC_DYNAMIC_NO_PIC = NO;
				GCC_NO_COMMON_BLOCKS = YES;
				GCC_OPTIMIZATION_LEVEL = 0;
				GCC_PREPROCESSOR_DEFINITIONS = (
					"DEBUG=1",
					"$(inherited)",
				);
				GCC_WARN_64_TO_32_BIT_CONVERSION = YES;
				GCC_WARN_ABOUT_RETURN_TYPE = YES_ERROR;
				GCC_WARN_UNDECLARED_SELECTOR = YES;
				GCC_WARN_UNINITIALIZED_AUTOS = YES_AGGRESSIVE;
				GCC_WARN_UNUSED_FUNCTION = YES;
				GCC_WARN_UNUSED_VARIABLE = YES;
				IPHONEOS_DEPLOYMENT_TARGET = 14.3;
				MTL_ENABLE_DEBUG_INFO = INCLUDE_SOURCE;
				MTL_FAST_MATH = YES;
				ONLY_ACTIVE_ARCH = YES;
				SDKROOT = iphoneos;
			};
			name = Debug;
		};
		8E9B971F25CCE16300CEE25E /* Release */ = {
			isa = XCBuildConfiguration;
			buildSettings = {
				ALWAYS_SEARCH_USER_PATHS = NO;
				CLANG_ANALYZER_NONNULL = YES;
				CLANG_ANALYZER_NUMBER_OBJECT_CONVERSION = YES_AGGRESSIVE;
				CLANG_CXX_LANGUAGE_STANDARD = "gnu++14";
				CLANG_CXX_LIBRARY = "libc++";
				CLANG_ENABLE_MODULES = YES;
				CLANG_ENABLE_OBJC_ARC = YES;
				CLANG_ENABLE_OBJC_WEAK = YES;
				CLANG_WARN_BLOCK_CAPTURE_AUTORELEASING = YES;
				CLANG_WARN_BOOL_CONVERSION = YES;
				CLANG_WARN_COMMA = YES;
				CLANG_WARN_CONSTANT_CONVERSION = YES;
				CLANG_WARN_DEPRECATED_OBJC_IMPLEMENTATIONS = YES;
				CLANG_WARN_DIRECT_OBJC_ISA_USAGE = YES_ERROR;
				CLANG_WARN_DOCUMENTATION_COMMENTS = YES;
				CLANG_WARN_EMPTY_BODY = YES;
				CLANG_WARN_ENUM_CONVERSION = YES;
				CLANG_WARN_INFINITE_RECURSION = YES;
				CLANG_WARN_INT_CONVERSION = YES;
				CLANG_WARN_NON_LITERAL_NULL_CONVERSION = YES;
				CLANG_WARN_OBJC_IMPLICIT_RETAIN_SELF = YES;
				CLANG_WARN_OBJC_LITERAL_CONVERSION = YES;
				CLANG_WARN_OBJC_ROOT_CLASS = YES_ERROR;
				CLANG_WARN_QUOTED_INCLUDE_IN_FRAMEWORK_HEADER = YES;
				CLANG_WARN_RANGE_LOOP_ANALYSIS = YES;
				CLANG_WARN_STRICT_PROTOTYPES = YES;
				CLANG_WARN_SUSPICIOUS_MOVE = YES;
				CLANG_WARN_UNGUARDED_AVAILABILITY = YES_AGGRESSIVE;
				CLANG_WARN_UNREACHABLE_CODE = YES;
				CLANG_WARN__DUPLICATE_METHOD_MATCH = YES;
				COPY_PHASE_STRIP = NO;
				DEBUG_INFORMATION_FORMAT = "dwarf-with-dsym";
				ENABLE_NS_ASSERTIONS = NO;
				ENABLE_STRICT_OBJC_MSGSEND = YES;
				GCC_C_LANGUAGE_STANDARD = gnu11;
				GCC_NO_COMMON_BLOCKS = YES;
				GCC_WARN_64_TO_32_BIT_CONVERSION = YES;
				GCC_WARN_ABOUT_RETURN_TYPE = YES_ERROR;
				GCC_WARN_UNDECLARED_SELECTOR = YES;
				GCC_WARN_UNINITIALIZED_AUTOS = YES_AGGRESSIVE;
				GCC_WARN_UNUSED_FUNCTION = YES;
				GCC_WARN_UNUSED_VARIABLE = YES;
				IPHONEOS_DEPLOYMENT_TARGET = 14.3;
				MTL_ENABLE_DEBUG_INFO = NO;
				MTL_FAST_MATH = YES;
				SDKROOT = iphoneos;
				VALIDATE_PRODUCT = YES;
			};
			name = Release;
		};
		8E9B972125CCE16300CEE25E /* Debug */ = {
			isa = XCBuildConfiguration;
			buildSettings = {
				ASSETCATALOG_COMPILER_APPICON_NAME = AppIcon;
				ASSETCATALOG_COMPILER_GLOBAL_ACCENT_COLOR_NAME = AccentColor;
				CODE_SIGN_STYLE = Automatic;
				DEVELOPMENT_TEAM = L6U8P6EVQF;
				INFOPLIST_FILE = animation/Info.plist;
				IPHONEOS_DEPLOYMENT_TARGET = 10.0;
				LD_RUNPATH_SEARCH_PATHS = (
					"$(inherited)",
					"@executable_path/Frameworks",
				);
				PRODUCT_BUNDLE_IDENTIFIER = com.linzaifei.animation;
				PRODUCT_NAME = "$(TARGET_NAME)";
				TARGETED_DEVICE_FAMILY = "1,2";
			};
			name = Debug;
		};
		8E9B972225CCE16300CEE25E /* Release */ = {
			isa = XCBuildConfiguration;
			buildSettings = {
				ASSETCATALOG_COMPILER_APPICON_NAME = AppIcon;
				ASSETCATALOG_COMPILER_GLOBAL_ACCENT_COLOR_NAME = AccentColor;
				CODE_SIGN_STYLE = Automatic;
				DEVELOPMENT_TEAM = L6U8P6EVQF;
				INFOPLIST_FILE = animation/Info.plist;
				IPHONEOS_DEPLOYMENT_TARGET = 10.0;
				LD_RUNPATH_SEARCH_PATHS = (
					"$(inherited)",
					"@executable_path/Frameworks",
				);
				PRODUCT_BUNDLE_IDENTIFIER = com.linzaifei.animation;
				PRODUCT_NAME = "$(TARGET_NAME)";
				TARGETED_DEVICE_FAMILY = "1,2";
			};
			name = Release;
		};
		8E9B972425CCE16300CEE25E /* Debug */ = {
			isa = XCBuildConfiguration;
			buildSettings = {
				BUNDLE_LOADER = "$(TEST_HOST)";
				CODE_SIGN_STYLE = Automatic;
				INFOPLIST_FILE = animationTests/Info.plist;
				IPHONEOS_DEPLOYMENT_TARGET = 14.3;
				LD_RUNPATH_SEARCH_PATHS = (
					"$(inherited)",
					"@executable_path/Frameworks",
					"@loader_path/Frameworks",
				);
				PRODUCT_BUNDLE_IDENTIFIER = com.linzaifei.animationTests;
				PRODUCT_NAME = "$(TARGET_NAME)";
				TARGETED_DEVICE_FAMILY = "1,2";
				TEST_HOST = "$(BUILT_PRODUCTS_DIR)/animation.app/animation";
			};
			name = Debug;
		};
		8E9B972525CCE16300CEE25E /* Release */ = {
			isa = XCBuildConfiguration;
			buildSettings = {
				BUNDLE_LOADER = "$(TEST_HOST)";
				CODE_SIGN_STYLE = Automatic;
				INFOPLIST_FILE = animationTests/Info.plist;
				IPHONEOS_DEPLOYMENT_TARGET = 14.3;
				LD_RUNPATH_SEARCH_PATHS = (
					"$(inherited)",
					"@executable_path/Frameworks",
					"@loader_path/Frameworks",
				);
				PRODUCT_BUNDLE_IDENTIFIER = com.linzaifei.animationTests;
				PRODUCT_NAME = "$(TARGET_NAME)";
				TARGETED_DEVICE_FAMILY = "1,2";
				TEST_HOST = "$(BUILT_PRODUCTS_DIR)/animation.app/animation";
			};
			name = Release;
		};
		8E9B972725CCE16300CEE25E /* Debug */ = {
			isa = XCBuildConfiguration;
			buildSettings = {
				CODE_SIGN_STYLE = Automatic;
				INFOPLIST_FILE = animationUITests/Info.plist;
				LD_RUNPATH_SEARCH_PATHS = (
					"$(inherited)",
					"@executable_path/Frameworks",
					"@loader_path/Frameworks",
				);
				PRODUCT_BUNDLE_IDENTIFIER = com.linzaifei.animationUITests;
				PRODUCT_NAME = "$(TARGET_NAME)";
				TARGETED_DEVICE_FAMILY = "1,2";
				TEST_TARGET_NAME = animation;
			};
			name = Debug;
		};
		8E9B972825CCE16300CEE25E /* Release */ = {
			isa = XCBuildConfiguration;
			buildSettings = {
				CODE_SIGN_STYLE = Automatic;
				INFOPLIST_FILE = animationUITests/Info.plist;
				LD_RUNPATH_SEARCH_PATHS = (
					"$(inherited)",
					"@executable_path/Frameworks",
					"@loader_path/Frameworks",
				);
				PRODUCT_BUNDLE_IDENTIFIER = com.linzaifei.animationUITests;
				PRODUCT_NAME = "$(TARGET_NAME)";
				TARGETED_DEVICE_FAMILY = "1,2";
				TEST_TARGET_NAME = animation;
			};
			name = Release;
		};
/* End XCBuildConfiguration section */

/* Begin XCConfigurationList section */
		8E9B96EC25CCE16200CEE25E /* Build configuration list for PBXProject "animation" */ = {
			isa = XCConfigurationList;
			buildConfigurations = (
				8E9B971E25CCE16300CEE25E /* Debug */,
				8E9B971F25CCE16300CEE25E /* Release */,
			);
			defaultConfigurationIsVisible = 0;
			defaultConfigurationName = Release;
		};
		8E9B972025CCE16300CEE25E /* Build configuration list for PBXNativeTarget "animation" */ = {
			isa = XCConfigurationList;
			buildConfigurations = (
				8E9B972125CCE16300CEE25E /* Debug */,
				8E9B972225CCE16300CEE25E /* Release */,
			);
			defaultConfigurationIsVisible = 0;
			defaultConfigurationName = Release;
		};
		8E9B972325CCE16300CEE25E /* Build configuration list for PBXNativeTarget "animationTests" */ = {
			isa = XCConfigurationList;
			buildConfigurations = (
				8E9B972425CCE16300CEE25E /* Debug */,
				8E9B972525CCE16300CEE25E /* Release */,
			);
			defaultConfigurationIsVisible = 0;
			defaultConfigurationName = Release;
		};
		8E9B972625CCE16300CEE25E /* Build configuration list for PBXNativeTarget "animationUITests" */ = {
			isa = XCConfigurationList;
			buildConfigurations = (
				8E9B972725CCE16300CEE25E /* Debug */,
				8E9B972825CCE16300CEE25E /* Release */,
			);
			defaultConfigurationIsVisible = 0;
			defaultConfigurationName = Release;
		};
/* End XCConfigurationList section */
	};
	rootObject = 8E9B96E925CCE16200CEE25E /* Project object */;
}
