// !$*UTF8*$!
{
	archiveVersion = 1;
	classes = {
	};
	objectVersion = 50;
	objects = {

/* Begin PBXBuildFile section */
		8E2D1BBF25E3823800EBA92E /* UIImage+category.m in Sources */ = {isa = PBXBuildFile; fileRef = 8E2D1BBE25E3823800EBA92E /* UIImage+category.m */; };
		8E2D1BCE25E4D0A900EBA92E /* Son.m in Sources */ = {isa = PBXBuildFile; fileRef = 8E2D1BCD25E4D0A900EBA92E /* Son.m */; };
		8E93C13625E353C900DD81D2 /* AppDelegate.m in Sources */ = {isa = PBXBuildFile; fileRef = 8E93C13525E353C900DD81D2 /* AppDelegate.m */; };
		8E93C13925E353C900DD81D2 /* SceneDelegate.m in Sources */ = {isa = PBXBuildFile; fileRef = 8E93C13825E353C900DD81D2 /* SceneDelegate.m */; };
		8E93C13C25E353C900DD81D2 /* ViewController.m in Sources */ = {isa = PBXBuildFile; fileRef = 8E93C13B25E353C900DD81D2 /* ViewController.m */; };
		8E93C13F25E353C900DD81D2 /* Main.storyboard in Resources */ = {isa = PBXBuildFile; fileRef = 8E93C13D25E353C900DD81D2 /* Main.storyboard */; };
		8E93C14125E353C900DD81D2 /* Assets.xcassets in Resources */ = {isa = PBXBuildFile; fileRef = 8E93C14025E353C900DD81D2 /* Assets.xcassets */; };
		8E93C14425E353C900DD81D2 /* LaunchScreen.storyboard in Resources */ = {isa = PBXBuildFile; fileRef = 8E93C14225E353C900DD81D2 /* LaunchScreen.storyboard */; };
		8E93C14725E353C900DD81D2 /* main.m in Sources */ = {isa = PBXBuildFile; fileRef = 8E93C14625E353C900DD81D2 /* main.m */; };
		8E93C15125E353CA00DD81D2 /* RuntimeTests.m in Sources */ = {isa = PBXBuildFile; fileRef = 8E93C15025E353CA00DD81D2 /* RuntimeTests.m */; };
		8E93C15C25E353CA00DD81D2 /* RuntimeUITests.m in Sources */ = {isa = PBXBuildFile; fileRef = 8E93C15B25E353CA00DD81D2 /* RuntimeUITests.m */; };
		8E93C16E25E353E300DD81D2 /* Person.m in Sources */ = {isa = PBXBuildFile; fileRef = 8E93C16D25E353E300DD81D2 /* Person.m */; };
/* End PBXBuildFile section */

/* Begin PBXContainerItemProxy section */
		8E93C14D25E353CA00DD81D2 /* PBXContainerItemProxy */ = {
			isa = PBXContainerItemProxy;
			containerPortal = 8E93C12925E353C900DD81D2 /* Project object */;
			proxyType = 1;
			remoteGlobalIDString = 8E93C13025E353C900DD81D2;
			remoteInfo = Runtime;
		};
		8E93C15825E353CA00DD81D2 /* PBXContainerItemProxy */ = {
			isa = PBXContainerItemProxy;
			containerPortal = 8E93C12925E353C900DD81D2 /* Project object */;
			proxyType = 1;
			remoteGlobalIDString = 8E93C13025E353C900DD81D2;
			remoteInfo = Runtime;
		};
/* End PBXContainerItemProxy section */

/* Begin PBXFileReference section */
		8E2D1BBD25E3823800EBA92E /* UIImage+category.h */ = {isa = PBXFileReference; lastKnownFileType = sourcecode.c.h; path = "UIImage+category.h"; sourceTree = "<group>"; };
		8E2D1BBE25E3823800EBA92E /* UIImage+category.m */ = {isa = PBXFileReference; lastKnownFileType = sourcecode.c.objc; path = "UIImage+category.m"; sourceTree = "<group>"; };
		8E2D1BCC25E4D0A900EBA92E /* Son.h */ = {isa = PBXFileReference; lastKnownFileType = sourcecode.c.h; path = Son.h; sourceTree = "<group>"; };
		8E2D1BCD25E4D0A900EBA92E /* Son.m */ = {isa = PBXFileReference; lastKnownFileType = sourcecode.c.objc; path = Son.m; sourceTree = "<group>"; };
		8E93C13125E353C900DD81D2 /* Runtime.app */ = {isa = PBXFileReference; explicitFileType = wrapper.application; includeInIndex = 0; path = Runtime.app; sourceTree = BUILT_PRODUCTS_DIR; };
		8E93C13425E353C900DD81D2 /* AppDelegate.h */ = {isa = PBXFileReference; lastKnownFileType = sourcecode.c.h; path = AppDelegate.h; sourceTree = "<group>"; };
		8E93C13525E353C900DD81D2 /* AppDelegate.m */ = {isa = PBXFileReference; lastKnownFileType = sourcecode.c.objc; path = AppDelegate.m; sourceTree = "<group>"; };
		8E93C13725E353C900DD81D2 /* SceneDelegate.h */ = {isa = PBXFileReference; lastKnownFileType = sourcecode.c.h; path = SceneDelegate.h; sourceTree = "<group>"; };
		8E93C13825E353C900DD81D2 /* SceneDelegate.m */ = {isa = PBXFileReference; lastKnownFileType = sourcecode.c.objc; path = SceneDelegate.m; sourceTree = "<group>"; };
		8E93C13A25E353C900DD81D2 /* ViewController.h */ = {isa = PBXFileReference; lastKnownFileType = sourcecode.c.h; path = ViewController.h; sourceTree = "<group>"; };
		8E93C13B25E353C900DD81D2 /* ViewController.m */ = {isa = PBXFileReference; lastKnownFileType = sourcecode.c.objc; path = ViewController.m; sourceTree = "<group>"; };
		8E93C13E25E353C900DD81D2 /* Base */ = {isa = PBXFileReference; lastKnownFileType = file.storyboard; name = Base; path = Base.lproj/Main.storyboard; sourceTree = "<group>"; };
		8E93C14025E353C900DD81D2 /* Assets.xcassets */ = {isa = PBXFileReference; lastKnownFileType = folder.assetcatalog; path = Assets.xcassets; sourceTree = "<group>"; };
		8E93C14325E353C900DD81D2 /* Base */ = {isa = PBXFileReference; lastKnownFileType = file.storyboard; name = Base; path = Base.lproj/LaunchScreen.storyboard; sourceTree = "<group>"; };
		8E93C14525E353C900DD81D2 /* Info.plist */ = {isa = PBXFileReference; lastKnownFileType = text.plist.xml; path = Info.plist; sourceTree = "<group>"; };
		8E93C14625E353C900DD81D2 /* main.m */ = {isa = PBXFileReference; lastKnownFileType = sourcecode.c.objc; path = main.m; sourceTree = "<group>"; };
		8E93C14C25E353CA00DD81D2 /* RuntimeTests.xctest */ = {isa = PBXFileReference; explicitFileType = wrapper.cfbundle; includeInIndex = 0; path = RuntimeTests.xctest; sourceTree = BUILT_PRODUCTS_DIR; };
		8E93C15025E353CA00DD81D2 /* RuntimeTests.m */ = {isa = PBXFileReference; lastKnownFileType = sourcecode.c.objc; path = RuntimeTests.m; sourceTree = "<group>"; };
		8E93C15225E353CA00DD81D2 /* Info.plist */ = {isa = PBXFileReference; lastKnownFileType = text.plist.xml; path = Info.plist; sourceTree = "<group>"; };
		8E93C15725E353CA00DD81D2 /* RuntimeUITests.xctest */ = {isa = PBXFileReference; explicitFileType = wrapper.cfbundle; includeInIndex = 0; path = RuntimeUITests.xctest; sourceTree = BUILT_PRODUCTS_DIR; };
		8E93C15B25E353CA00DD81D2 /* RuntimeUITests.m */ = {isa = PBXFileReference; lastKnownFileType = sourcecode.c.objc; path = RuntimeUITests.m; sourceTree = "<group>"; };
		8E93C15D25E353CA00DD81D2 /* Info.plist */ = {isa = PBXFileReference; lastKnownFileType = text.plist.xml; path = Info.plist; sourceTree = "<group>"; };
		8E93C16C25E353E300DD81D2 /* Person.h */ = {isa = PBXFileReference; lastKnownFileType = sourcecode.c.h; path = Person.h; sourceTree = "<group>"; };
		8E93C16D25E353E300DD81D2 /* Person.m */ = {isa = PBXFileReference; lastKnownFileType = sourcecode.c.objc; path = Person.m; sourceTree = "<group>"; };
/* End PBXFileReference section */

/* Begin PBXFrameworksBuildPhase section */
		8E93C12E25E353C900DD81D2 /* Frameworks */ = {
			isa = PBXFrameworksBuildPhase;
			buildActionMask = 2147483647;
			files = (
			);
			runOnlyForDeploymentPostprocessing = 0;
		};
		8E93C14925E353C900DD81D2 /* Frameworks */ = {
			isa = PBXFrameworksBuildPhase;
			buildActionMask = 2147483647;
			files = (
			);
			runOnlyForDeploymentPostprocessing = 0;
		};
		8E93C15425E353CA00DD81D2 /* Frameworks */ = {
			isa = PBXFrameworksBuildPhase;
			buildActionMask = 2147483647;
			files = (
			);
			runOnlyForDeploymentPostprocessing = 0;
		};
/* End PBXFrameworksBuildPhase section */

/* Begin PBXGroup section */
		8E93C12825E353C900DD81D2 = {
			isa = PBXGroup;
			children = (
				8E93C13325E353C900DD81D2 /* Runtime */,
				8E93C14F25E353CA00DD81D2 /* RuntimeTests */,
				8E93C15A25E353CA00DD81D2 /* RuntimeUITests */,
				8E93C13225E353C900DD81D2 /* Products */,
			);
			sourceTree = "<group>";
		};
		8E93C13225E353C900DD81D2 /* Products */ = {
			isa = PBXGroup;
			children = (
				8E93C13125E353C900DD81D2 /* Runtime.app */,
				8E93C14C25E353CA00DD81D2 /* RuntimeTests.xctest */,
				8E93C15725E353CA00DD81D2 /* RuntimeUITests.xctest */,
			);
			name = Products;
			sourceTree = "<group>";
		};
		8E93C13325E353C900DD81D2 /* Runtime */ = {
			isa = PBXGroup;
			children = (
				8E93C13425E353C900DD81D2 /* AppDelegate.h */,
				8E93C13525E353C900DD81D2 /* AppDelegate.m */,
				8E93C13725E353C900DD81D2 /* SceneDelegate.h */,
				8E93C13825E353C900DD81D2 /* SceneDelegate.m */,
				8E93C13A25E353C900DD81D2 /* ViewController.h */,
				8E93C13B25E353C900DD81D2 /* ViewController.m */,
				8E93C13D25E353C900DD81D2 /* Main.storyboard */,
				8E93C14025E353C900DD81D2 /* Assets.xcassets */,
				8E93C14225E353C900DD81D2 /* LaunchScreen.storyboard */,
				8E93C14525E353C900DD81D2 /* Info.plist */,
				8E93C14625E353C900DD81D2 /* main.m */,
				8E93C16C25E353E300DD81D2 /* Person.h */,
				8E93C16D25E353E300DD81D2 /* Person.m */,
				8E2D1BBD25E3823800EBA92E /* UIImage+category.h */,
				8E2D1BBE25E3823800EBA92E /* UIImage+category.m */,
				8E2D1BCC25E4D0A900EBA92E /* Son.h */,
				8E2D1BCD25E4D0A900EBA92E /* Son.m */,
			);
			path = Runtime;
			sourceTree = "<group>";
		};
		8E93C14F25E353CA00DD81D2 /* RuntimeTests */ = {
			isa = PBXGroup;
			children = (
				8E93C15025E353CA00DD81D2 /* RuntimeTests.m */,
				8E93C15225E353CA00DD81D2 /* Info.plist */,
			);
			path = RuntimeTests;
			sourceTree = "<group>";
		};
		8E93C15A25E353CA00DD81D2 /* RuntimeUITests */ = {
			isa = PBXGroup;
			children = (
				8E93C15B25E353CA00DD81D2 /* RuntimeUITests.m */,
				8E93C15D25E353CA00DD81D2 /* Info.plist */,
			);
			path = RuntimeUITests;
			sourceTree = "<group>";
		};
/* End PBXGroup section */

/* Begin PBXNativeTarget section */
		8E93C13025E353C900DD81D2 /* Runtime */ = {
			isa = PBXNativeTarget;
			buildConfigurationList = 8E93C16025E353CA00DD81D2 /* Build configuration list for PBXNativeTarget "Runtime" */;
			buildPhases = (
				8E93C12D25E353C900DD81D2 /* Sources */,
				8E93C12E25E353C900DD81D2 /* Frameworks */,
				8E93C12F25E353C900DD81D2 /* Resources */,
			);
			buildRules = (
			);
			dependencies = (
			);
			name = Runtime;
			productName = Runtime;
			productReference = 8E93C13125E353C900DD81D2 /* Runtime.app */;
			productType = "com.apple.product-type.application";
		};
		8E93C14B25E353C900DD81D2 /* RuntimeTests */ = {
			isa = PBXNativeTarget;
			buildConfigurationList = 8E93C16325E353CA00DD81D2 /* Build configuration list for PBXNativeTarget "RuntimeTests" */;
			buildPhases = (
				8E93C14825E353C900DD81D2 /* Sources */,
				8E93C14925E353C900DD81D2 /* Frameworks */,
				8E93C14A25E353C900DD81D2 /* Resources */,
			);
			buildRules = (
			);
			dependencies = (
				8E93C14E25E353CA00DD81D2 /* PBXTargetDependency */,
			);
			name = RuntimeTests;
			productName = RuntimeTests;
			productReference = 8E93C14C25E353CA00DD81D2 /* RuntimeTests.xctest */;
			productType = "com.apple.product-type.bundle.unit-test";
		};
		8E93C15625E353CA00DD81D2 /* RuntimeUITests */ = {
			isa = PBXNativeTarget;
			buildConfigurationList = 8E93C16625E353CA00DD81D2 /* Build configuration list for PBXNativeTarget "RuntimeUITests" */;
			buildPhases = (
				8E93C15325E353CA00DD81D2 /* Sources */,
				8E93C15425E353CA00DD81D2 /* Frameworks */,
				8E93C15525E353CA00DD81D2 /* Resources */,
			);
			buildRules = (
			);
			dependencies = (
				8E93C15925E353CA00DD81D2 /* PBXTargetDependency */,
			);
			name = RuntimeUITests;
			productName = RuntimeUITests;
			productReference = 8E93C15725E353CA00DD81D2 /* RuntimeUITests.xctest */;
			productType = "com.apple.product-type.bundle.ui-testing";
		};
/* End PBXNativeTarget section */

/* Begin PBXProject section */
		8E93C12925E353C900DD81D2 /* Project object */ = {
			isa = PBXProject;
			attributes = {
				LastUpgradeCheck = 1230;
				TargetAttributes = {
					8E93C13025E353C900DD81D2 = {
						CreatedOnToolsVersion = 12.3;
					};
					8E93C14B25E353C900DD81D2 = {
						CreatedOnToolsVersion = 12.3;
						TestTargetID = 8E93C13025E353C900DD81D2;
					};
					8E93C15625E353CA00DD81D2 = {
						CreatedOnToolsVersion = 12.3;
						TestTargetID = 8E93C13025E353C900DD81D2;
					};
				};
			};
			buildConfigurationList = 8E93C12C25E353C900DD81D2 /* Build configuration list for PBXProject "Runtime" */;
			compatibilityVersion = "Xcode 9.3";
			developmentRegion = en;
			hasScannedForEncodings = 0;
			knownRegions = (
				en,
				Base,
			);
			mainGroup = 8E93C12825E353C900DD81D2;
			productRefGroup = 8E93C13225E353C900DD81D2 /* Products */;
			projectDirPath = "";
			projectRoot = "";
			targets = (
				8E93C13025E353C900DD81D2 /* Runtime */,
				8E93C14B25E353C900DD81D2 /* RuntimeTests */,
				8E93C15625E353CA00DD81D2 /* RuntimeUITests */,
			);
		};
/* End PBXProject section */

/* Begin PBXResourcesBuildPhase section */
		8E93C12F25E353C900DD81D2 /* Resources */ = {
			isa = PBXResourcesBuildPhase;
			buildActionMask = 2147483647;
			files = (
				8E93C14425E353C900DD81D2 /* LaunchScreen.storyboard in Resources */,
				8E93C14125E353C900DD81D2 /* Assets.xcassets in Resources */,
				8E93C13F25E353C900DD81D2 /* Main.storyboard in Resources */,
			);
			runOnlyForDeploymentPostprocessing = 0;
		};
		8E93C14A25E353C900DD81D2 /* Resources */ = {
			isa = PBXResourcesBuildPhase;
			buildActionMask = 2147483647;
			files = (
			);
			runOnlyForDeploymentPostprocessing = 0;
		};
		8E93C15525E353CA00DD81D2 /* Resources */ = {
			isa = PBXResourcesBuildPhase;
			buildActionMask = 2147483647;
			files = (
			);
			runOnlyForDeploymentPostprocessing = 0;
		};
/* End PBXResourcesBuildPhase section */

/* Begin PBXSourcesBuildPhase section */
		8E93C12D25E353C900DD81D2 /* Sources */ = {
			isa = PBXSourcesBuildPhase;
			buildActionMask = 2147483647;
			files = (
				8E2D1BCE25E4D0A900EBA92E /* Son.m in Sources */,
				8E93C13C25E353C900DD81D2 /* ViewController.m in Sources */,
				8E2D1BBF25E3823800EBA92E /* UIImage+category.m in Sources */,
				8E93C13625E353C900DD81D2 /* AppDelegate.m in Sources */,
				8E93C16E25E353E300DD81D2 /* Person.m in Sources */,
				8E93C14725E353C900DD81D2 /* main.m in Sources */,
				8E93C13925E353C900DD81D2 /* SceneDelegate.m in Sources */,
			);
			runOnlyForDeploymentPostprocessing = 0;
		};
		8E93C14825E353C900DD81D2 /* Sources */ = {
			isa = PBXSourcesBuildPhase;
			buildActionMask = 2147483647;
			files = (
				8E93C15125E353CA00DD81D2 /* RuntimeTests.m in Sources */,
			);
			runOnlyForDeploymentPostprocessing = 0;
		};
		8E93C15325E353CA00DD81D2 /* Sources */ = {
			isa = PBXSourcesBuildPhase;
			buildActionMask = 2147483647;
			files = (
				8E93C15C25E353CA00DD81D2 /* RuntimeUITests.m in Sources */,
			);
			runOnlyForDeploymentPostprocessing = 0;
		};
/* End PBXSourcesBuildPhase section */

/* Begin PBXTargetDependency section */
		8E93C14E25E353CA00DD81D2 /* PBXTargetDependency */ = {
			isa = PBXTargetDependency;
			target = 8E93C13025E353C900DD81D2 /* Runtime */;
			targetProxy = 8E93C14D25E353CA00DD81D2 /* PBXContainerItemProxy */;
		};
		8E93C15925E353CA00DD81D2 /* PBXTargetDependency */ = {
			isa = PBXTargetDependency;
			target = 8E93C13025E353C900DD81D2 /* Runtime */;
			targetProxy = 8E93C15825E353CA00DD81D2 /* PBXContainerItemProxy */;
		};
/* End PBXTargetDependency section */

/* Begin PBXVariantGroup section */
		8E93C13D25E353C900DD81D2 /* Main.storyboard */ = {
			isa = PBXVariantGroup;
			children = (
				8E93C13E25E353C900DD81D2 /* Base */,
			);
			name = Main.storyboard;
			sourceTree = "<group>";
		};
		8E93C14225E353C900DD81D2 /* LaunchScreen.storyboard */ = {
			isa = PBXVariantGroup;
			children = (
				8E93C14325E353C900DD81D2 /* Base */,
			);
			name = LaunchScreen.storyboard;
			sourceTree = "<group>";
		};
/* End PBXVariantGroup section */

/* Begin XCBuildConfiguration section */
		8E93C15E25E353CA00DD81D2 /* Debug */ = {
			isa = XCBuildConfiguration;
			buildSettings = {
				ALWAYS_SEARCH_USER_PATHS = NO;
				CLANG_ANALYZER_NONNULL = YES;
				CLANG_ANALYZER_NUMBER_OBJECT_CONVERSION = YES_AGGRESSIVE;
				CLANG_CXX_LANGUAGE_STANDARD = "gnu++14";
				CLANG_CXX_LIBRARY = "libc++";
				CLANG_ENABLE_MODULES = YES;
				CLANG_ENABLE_OBJC_ARC = YES;
				CLANG_ENABLE_OBJC_WEAK = YES;
				CLANG_WARN_BLOCK_CAPTURE_AUTORELEASING = YES;
				CLANG_WARN_BOOL_CONVERSION = YES;
				CLANG_WARN_COMMA = YES;
				CLANG_WARN_CONSTANT_CONVERSION = YES;
				CLANG_WARN_DEPRECATED_OBJC_IMPLEMENTATIONS = YES;
				CLANG_WARN_DIRECT_OBJC_ISA_USAGE = YES_ERROR;
				CLANG_WARN_DOCUMENTATION_COMMENTS = YES;
				CLANG_WARN_EMPTY_BODY = YES;
				CLANG_WARN_ENUM_CONVERSION = YES;
				CLANG_WARN_INFINITE_RECURSION = YES;
				CLANG_WARN_INT_CONVERSION = YES;
				CLANG_WARN_NON_LITERAL_NULL_CONVERSION = YES;
				CLANG_WARN_OBJC_IMPLICIT_RETAIN_SELF = YES;
				CLANG_WARN_OBJC_LITERAL_CONVERSION = YES;
				CLANG_WARN_OBJC_ROOT_CLASS = YES_ERROR;
				CLANG_WARN_QUOTED_INCLUDE_IN_FRAMEWORK_HEADER = YES;
				CLANG_WARN_RANGE_LOOP_ANALYSIS = YES;
				CLANG_WARN_STRICT_PROTOTYPES = YES;
				CLANG_WARN_SUSPICIOUS_MOVE = YES;
				CLANG_WARN_UNGUARDED_AVAILABILITY = YES_AGGRESSIVE;
				CLANG_WARN_UNREACHABLE_CODE = YES;
				CLANG_WARN__DUPLICATE_METHOD_MATCH = YES;
				COPY_PHASE_STRIP = NO;
				DEBUG_INFORMATION_FORMAT = dwarf;
				ENABLE_STRICT_OBJC_MSGSEND = YES;
				ENABLE_TESTABILITY = YES;
				GCC_C_LANGUAGE_STANDARD = gnu11;
				GCC_DYNAMIC_NO_PIC = NO;
				GCC_NO_COMMON_BLOCKS = YES;
				GCC_OPTIMIZATION_LEVEL = 0;
				GCC_PREPROCESSOR_DEFINITIONS = (
					"DEBUG=1",
					"$(inherited)",
				);
				GCC_WARN_64_TO_32_BIT_CONVERSION = YES;
				GCC_WARN_ABOUT_RETURN_TYPE = YES_ERROR;
				GCC_WARN_UNDECLARED_SELECTOR = YES;
				GCC_WARN_UNINITIALIZED_AUTOS = YES_AGGRESSIVE;
				GCC_WARN_UNUSED_FUNCTION = YES;
				GCC_WARN_UNUSED_VARIABLE = YES;
				IPHONEOS_DEPLOYMENT_TARGET = 14.3;
				MTL_ENABLE_DEBUG_INFO = INCLUDE_SOURCE;
				MTL_FAST_MATH = YES;
				ONLY_ACTIVE_ARCH = YES;
				SDKROOT = iphoneos;
			};
			name = Debug;
		};
		8E93C15F25E353CA00DD81D2 /* Release */ = {
			isa = XCBuildConfiguration;
			buildSettings = {
				ALWAYS_SEARCH_USER_PATHS = NO;
				CLANG_ANALYZER_NONNULL = YES;
				CLANG_ANALYZER_NUMBER_OBJECT_CONVERSION = YES_AGGRESSIVE;
				CLANG_CXX_LANGUAGE_STANDARD = "gnu++14";
				CLANG_CXX_LIBRARY = "libc++";
				CLANG_ENABLE_MODULES = YES;
				CLANG_ENABLE_OBJC_ARC = YES;
				CLANG_ENABLE_OBJC_WEAK = YES;
				CLANG_WARN_BLOCK_CAPTURE_AUTORELEASING = YES;
				CLANG_WARN_BOOL_CONVERSION = YES;
				CLANG_WARN_COMMA = YES;
				CLANG_WARN_CONSTANT_CONVERSION = YES;
				CLANG_WARN_DEPRECATED_OBJC_IMPLEMENTATIONS = YES;
				CLANG_WARN_DIRECT_OBJC_ISA_USAGE = YES_ERROR;
				CLANG_WARN_DOCUMENTATION_COMMENTS = YES;
				CLANG_WARN_EMPTY_BODY = YES;
				CLANG_WARN_ENUM_CONVERSION = YES;
				CLANG_WARN_INFINITE_RECURSION = YES;
				CLANG_WARN_INT_CONVERSION = YES;
				CLANG_WARN_NON_LITERAL_NULL_CONVERSION = YES;
				CLANG_WARN_OBJC_IMPLICIT_RETAIN_SELF = YES;
				CLANG_WARN_OBJC_LITERAL_CONVERSION = YES;
				CLANG_WARN_OBJC_ROOT_CLASS = YES_ERROR;
				CLANG_WARN_QUOTED_INCLUDE_IN_FRAMEWORK_HEADER = YES;
				CLANG_WARN_RANGE_LOOP_ANALYSIS = YES;
				CLANG_WARN_STRICT_PROTOTYPES = YES;
				CLANG_WARN_SUSPICIOUS_MOVE = YES;
				CLANG_WARN_UNGUARDED_AVAILABILITY = YES_AGGRESSIVE;
				CLANG_WARN_UNREACHABLE_CODE = YES;
				CLANG_WARN__DUPLICATE_METHOD_MATCH = YES;
				COPY_PHASE_STRIP = NO;
				DEBUG_INFORMATION_FORMAT = "dwarf-with-dsym";
				ENABLE_NS_ASSERTIONS = NO;
				ENABLE_STRICT_OBJC_MSGSEND = YES;
				GCC_C_LANGUAGE_STANDARD = gnu11;
				GCC_NO_COMMON_BLOCKS = YES;
				GCC_WARN_64_TO_32_BIT_CONVERSION = YES;
				GCC_WARN_ABOUT_RETURN_TYPE = YES_ERROR;
				GCC_WARN_UNDECLARED_SELECTOR = YES;
				GCC_WARN_UNINITIALIZED_AUTOS = YES_AGGRESSIVE;
				GCC_WARN_UNUSED_FUNCTION = YES;
				GCC_WARN_UNUSED_VARIABLE = YES;
				IPHONEOS_DEPLOYMENT_TARGET = 14.3;
				MTL_ENABLE_DEBUG_INFO = NO;
				MTL_FAST_MATH = YES;
				SDKROOT = iphoneos;
				VALIDATE_PRODUCT = YES;
			};
			name = Release;
		};
		8E93C16125E353CA00DD81D2 /* Debug */ = {
			isa = XCBuildConfiguration;
			buildSettings = {
				ASSETCATALOG_COMPILER_APPICON_NAME = AppIcon;
				ASSETCATALOG_COMPILER_GLOBAL_ACCENT_COLOR_NAME = AccentColor;
				CODE_SIGN_STYLE = Automatic;
				ENABLE_STRICT_OBJC_MSGSEND = NO;
				INFOPLIST_FILE = Runtime/Info.plist;
				LD_RUNPATH_SEARCH_PATHS = (
					"$(inherited)",
					"@executable_path/Frameworks",
				);
				PRODUCT_BUNDLE_IDENTIFIER = com.linzaifei.Runtime;
				PRODUCT_NAME = "$(TARGET_NAME)";
				TARGETED_DEVICE_FAMILY = "1,2";
			};
			name = Debug;
		};
		8E93C16225E353CA00DD81D2 /* Release */ = {
			isa = XCBuildConfiguration;
			buildSettings = {
				ASSETCATALOG_COMPILER_APPICON_NAME = AppIcon;
				ASSETCATALOG_COMPILER_GLOBAL_ACCENT_COLOR_NAME = AccentColor;
				CODE_SIGN_STYLE = Automatic;
				ENABLE_STRICT_OBJC_MSGSEND = NO;
				INFOPLIST_FILE = Runtime/Info.plist;
				LD_RUNPATH_SEARCH_PATHS = (
					"$(inherited)",
					"@executable_path/Frameworks",
				);
				PRODUCT_BUNDLE_IDENTIFIER = com.linzaifei.Runtime;
				PRODUCT_NAME = "$(TARGET_NAME)";
				TARGETED_DEVICE_FAMILY = "1,2";
			};
			name = Release;
		};
		8E93C16425E353CA00DD81D2 /* Debug */ = {
			isa = XCBuildConfiguration;
			buildSettings = {
				BUNDLE_LOADER = "$(TEST_HOST)";
				CODE_SIGN_STYLE = Automatic;
				INFOPLIST_FILE = RuntimeTests/Info.plist;
				IPHONEOS_DEPLOYMENT_TARGET = 14.3;
				LD_RUNPATH_SEARCH_PATHS = (
					"$(inherited)",
					"@executable_path/Frameworks",
					"@loader_path/Frameworks",
				);
				PRODUCT_BUNDLE_IDENTIFIER = com.linzaifei.RuntimeTests;
				PRODUCT_NAME = "$(TARGET_NAME)";
				TARGETED_DEVICE_FAMILY = "1,2";
				TEST_HOST = "$(BUILT_PRODUCTS_DIR)/Runtime.app/Runtime";
			};
			name = Debug;
		};
		8E93C16525E353CA00DD81D2 /* Release */ = {
			isa = XCBuildConfiguration;
			buildSettings = {
				BUNDLE_LOADER = "$(TEST_HOST)";
				CODE_SIGN_STYLE = Automatic;
				INFOPLIST_FILE = RuntimeTests/Info.plist;
				IPHONEOS_DEPLOYMENT_TARGET = 14.3;
				LD_RUNPATH_SEARCH_PATHS = (
					"$(inherited)",
					"@executable_path/Frameworks",
					"@loader_path/Frameworks",
				);
				PRODUCT_BUNDLE_IDENTIFIER = com.linzaifei.RuntimeTests;
				PRODUCT_NAME = "$(TARGET_NAME)";
				TARGETED_DEVICE_FAMILY = "1,2";
				TEST_HOST = "$(BUILT_PRODUCTS_DIR)/Runtime.app/Runtime";
			};
			name = Release;
		};
		8E93C16725E353CA00DD81D2 /* Debug */ = {
			isa = XCBuildConfiguration;
			buildSettings = {
				CODE_SIGN_STYLE = Automatic;
				INFOPLIST_FILE = RuntimeUITests/Info.plist;
				LD_RUNPATH_SEARCH_PATHS = (
					"$(inherited)",
					"@executable_path/Frameworks",
					"@loader_path/Frameworks",
				);
				PRODUCT_BUNDLE_IDENTIFIER = com.linzaifei.RuntimeUITests;
				PRODUCT_NAME = "$(TARGET_NAME)";
				TARGETED_DEVICE_FAMILY = "1,2";
				TEST_TARGET_NAME = Runtime;
			};
			name = Debug;
		};
		8E93C16825E353CA00DD81D2 /* Release */ = {
			isa = XCBuildConfiguration;
			buildSettings = {
				CODE_SIGN_STYLE = Automatic;
				INFOPLIST_FILE = RuntimeUITests/Info.plist;
				LD_RUNPATH_SEARCH_PATHS = (
					"$(inherited)",
					"@executable_path/Frameworks",
					"@loader_path/Frameworks",
				);
				PRODUCT_BUNDLE_IDENTIFIER = com.linzaifei.RuntimeUITests;
				PRODUCT_NAME = "$(TARGET_NAME)";
				TARGETED_DEVICE_FAMILY = "1,2";
				TEST_TARGET_NAME = Runtime;
			};
			name = Release;
		};
/* End XCBuildConfiguration section */

/* Begin XCConfigurationList section */
		8E93C12C25E353C900DD81D2 /* Build configuration list for PBXProject "Runtime" */ = {
			isa = XCConfigurationList;
			buildConfigurations = (
				8E93C15E25E353CA00DD81D2 /* Debug */,
				8E93C15F25E353CA00DD81D2 /* Release */,
			);
			defaultConfigurationIsVisible = 0;
			defaultConfigurationName = Release;
		};
		8E93C16025E353CA00DD81D2 /* Build configuration list for PBXNativeTarget "Runtime" */ = {
			isa = XCConfigurationList;
			buildConfigurations = (
				8E93C16125E353CA00DD81D2 /* Debug */,
				8E93C16225E353CA00DD81D2 /* Release */,
			);
			defaultConfigurationIsVisible = 0;
			defaultConfigurationName = Release;
		};
		8E93C16325E353CA00DD81D2 /* Build configuration list for PBXNativeTarget "RuntimeTests" */ = {
			isa = XCConfigurationList;
			buildConfigurations = (
				8E93C16425E353CA00DD81D2 /* Debug */,
				8E93C16525E353CA00DD81D2 /* Release */,
			);
			defaultConfigurationIsVisible = 0;
			defaultConfigurationName = Release;
		};
		8E93C16625E353CA00DD81D2 /* Build configuration list for PBXNativeTarget "RuntimeUITests" */ = {
			isa = XCConfigurationList;
			buildConfigurations = (
				8E93C16725E353CA00DD81D2 /* Debug */,
				8E93C16825E353CA00DD81D2 /* Release */,
			);
			defaultConfigurationIsVisible = 0;
			defaultConfigurationName = Release;
		};
/* End XCConfigurationList section */
	};
	rootObject = 8E93C12925E353C900DD81D2 /* Project object */;
}
