// !$*UTF8*$!
{
	archiveVersion = 1;
	classes = {
	};
	objectVersion = 50;
	objects = {

/* Begin PBXBuildFile section */
		8E29219925F21DAF00BF0EE0 /* AppDelegate.m in Sources */ = {isa = PBXBuildFile; fileRef = 8E29219825F21DAF00BF0EE0 /* AppDelegate.m */; };
		8E29219C25F21DAF00BF0EE0 /* SceneDelegate.m in Sources */ = {isa = PBXBuildFile; fileRef = 8E29219B25F21DAF00BF0EE0 /* SceneDelegate.m */; };
		8E29219F25F21DAF00BF0EE0 /* ViewController.m in Sources */ = {isa = PBXBuildFile; fileRef = 8E29219E25F21DAF00BF0EE0 /* ViewController.m */; };
		8E2921A225F21DAF00BF0EE0 /* Main.storyboard in Resources */ = {isa = PBXBuildFile; fileRef = 8E2921A025F21DAF00BF0EE0 /* Main.storyboard */; };
		8E2921A425F21DB000BF0EE0 /* Assets.xcassets in Resources */ = {isa = PBXBuildFile; fileRef = 8E2921A325F21DB000BF0EE0 /* Assets.xcassets */; };
		8E2921A725F21DB000BF0EE0 /* LaunchScreen.storyboard in Resources */ = {isa = PBXBuildFile; fileRef = 8E2921A525F21DB000BF0EE0 /* LaunchScreen.storyboard */; };
		8E2921AA25F21DB000BF0EE0 /* main.m in Sources */ = {isa = PBXBuildFile; fileRef = 8E2921A925F21DB000BF0EE0 /* main.m */; };
		8E2921B425F21DB100BF0EE0 /* ____Tests.m in Sources */ = {isa = PBXBuildFile; fileRef = 8E2921B325F21DB100BF0EE0 /* ____Tests.m */; };
		8E2921BF25F21DB100BF0EE0 /* ____UITests.m in Sources */ = {isa = PBXBuildFile; fileRef = 8E2921BE25F21DB100BF0EE0 /* ____UITests.m */; };
		8E2921D125F2222500BF0EE0 /* TransViewController.m in Sources */ = {isa = PBXBuildFile; fileRef = 8E2921D025F2222500BF0EE0 /* TransViewController.m */; };
		8E9A65F425F5CF0800E44083 /* TransitionManager.m in Sources */ = {isa = PBXBuildFile; fileRef = 8E9A65F325F5CF0800E44083 /* TransitionManager.m */; };
		8E9A65FA25F5D04300E44083 /* TransitionAnimation.m in Sources */ = {isa = PBXBuildFile; fileRef = 8E9A65F925F5D04300E44083 /* TransitionAnimation.m */; };
		8E9A660025F5D4ED00E44083 /* InteractiveTransition.m in Sources */ = {isa = PBXBuildFile; fileRef = 8E9A65FF25F5D4ED00E44083 /* InteractiveTransition.m */; };
		8EF1141D26007DED00EA2508 /* Trans.m in Sources */ = {isa = PBXBuildFile; fileRef = 8EF1141C26007DED00EA2508 /* Trans.m */; };
		8EF114242600A84E00EA2508 /* InteractiveTransition.m in Sources */ = {isa = PBXBuildFile; fileRef = 8EF114232600A84E00EA2508 /* InteractiveTransition.m */; };
/* End PBXBuildFile section */

/* Begin PBXContainerItemProxy section */
		8E2921B025F21DB100BF0EE0 /* PBXContainerItemProxy */ = {
			isa = PBXContainerItemProxy;
			containerPortal = 8E29218C25F21DAF00BF0EE0 /* Project object */;
			proxyType = 1;
			remoteGlobalIDString = 8E29219325F21DAF00BF0EE0;
			remoteInfo = "专场动画";
		};
		8E2921BB25F21DB100BF0EE0 /* PBXContainerItemProxy */ = {
			isa = PBXContainerItemProxy;
			containerPortal = 8E29218C25F21DAF00BF0EE0 /* Project object */;
			proxyType = 1;
			remoteGlobalIDString = 8E29219325F21DAF00BF0EE0;
			remoteInfo = "专场动画";
		};
/* End PBXContainerItemProxy section */

/* Begin PBXFileReference section */
		8E29219425F21DAF00BF0EE0 /* 专场动画.app */ = {isa = PBXFileReference; explicitFileType = wrapper.application; includeInIndex = 0; path = "专场动画.app"; sourceTree = BUILT_PRODUCTS_DIR; };
		8E29219725F21DAF00BF0EE0 /* AppDelegate.h */ = {isa = PBXFileReference; lastKnownFileType = sourcecode.c.h; path = AppDelegate.h; sourceTree = "<group>"; };
		8E29219825F21DAF00BF0EE0 /* AppDelegate.m */ = {isa = PBXFileReference; lastKnownFileType = sourcecode.c.objc; path = AppDelegate.m; sourceTree = "<group>"; };
		8E29219A25F21DAF00BF0EE0 /* SceneDelegate.h */ = {isa = PBXFileReference; lastKnownFileType = sourcecode.c.h; path = SceneDelegate.h; sourceTree = "<group>"; };
		8E29219B25F21DAF00BF0EE0 /* SceneDelegate.m */ = {isa = PBXFileReference; lastKnownFileType = sourcecode.c.objc; path = SceneDelegate.m; sourceTree = "<group>"; };
		8E29219D25F21DAF00BF0EE0 /* ViewController.h */ = {isa = PBXFileReference; lastKnownFileType = sourcecode.c.h; path = ViewController.h; sourceTree = "<group>"; };
		8E29219E25F21DAF00BF0EE0 /* ViewController.m */ = {isa = PBXFileReference; lastKnownFileType = sourcecode.c.objc; path = ViewController.m; sourceTree = "<group>"; };
		8E2921A125F21DAF00BF0EE0 /* Base */ = {isa = PBXFileReference; lastKnownFileType = file.storyboard; name = Base; path = Base.lproj/Main.storyboard; sourceTree = "<group>"; };
		8E2921A325F21DB000BF0EE0 /* Assets.xcassets */ = {isa = PBXFileReference; lastKnownFileType = folder.assetcatalog; path = Assets.xcassets; sourceTree = "<group>"; };
		8E2921A625F21DB000BF0EE0 /* Base */ = {isa = PBXFileReference; lastKnownFileType = file.storyboard; name = Base; path = Base.lproj/LaunchScreen.storyboard; sourceTree = "<group>"; };
		8E2921A825F21DB000BF0EE0 /* Info.plist */ = {isa = PBXFileReference; lastKnownFileType = text.plist.xml; path = Info.plist; sourceTree = "<group>"; };
		8E2921A925F21DB000BF0EE0 /* main.m */ = {isa = PBXFileReference; lastKnownFileType = sourcecode.c.objc; path = main.m; sourceTree = "<group>"; };
		8E2921AF25F21DB100BF0EE0 /* 专场动画Tests.xctest */ = {isa = PBXFileReference; explicitFileType = wrapper.cfbundle; includeInIndex = 0; path = "专场动画Tests.xctest"; sourceTree = BUILT_PRODUCTS_DIR; };
		8E2921B325F21DB100BF0EE0 /* ____Tests.m */ = {isa = PBXFileReference; lastKnownFileType = sourcecode.c.objc; path = "____Tests.m"; sourceTree = "<group>"; };
		8E2921B525F21DB100BF0EE0 /* Info.plist */ = {isa = PBXFileReference; lastKnownFileType = text.plist.xml; path = Info.plist; sourceTree = "<group>"; };
		8E2921BA25F21DB100BF0EE0 /* 专场动画UITests.xctest */ = {isa = PBXFileReference; explicitFileType = wrapper.cfbundle; includeInIndex = 0; path = "专场动画UITests.xctest"; sourceTree = BUILT_PRODUCTS_DIR; };
		8E2921BE25F21DB100BF0EE0 /* ____UITests.m */ = {isa = PBXFileReference; lastKnownFileType = sourcecode.c.objc; path = "____UITests.m"; sourceTree = "<group>"; };
		8E2921C025F21DB100BF0EE0 /* Info.plist */ = {isa = PBXFileReference; lastKnownFileType = text.plist.xml; path = Info.plist; sourceTree = "<group>"; };
		8E2921CF25F2222500BF0EE0 /* TransViewController.h */ = {isa = PBXFileReference; lastKnownFileType = sourcecode.c.h; path = TransViewController.h; sourceTree = "<group>"; };
		8E2921D025F2222500BF0EE0 /* TransViewController.m */ = {isa = PBXFileReference; lastKnownFileType = sourcecode.c.objc; path = TransViewController.m; sourceTree = "<group>"; };
		8E9A65F225F5CF0800E44083 /* TransitionManager.h */ = {isa = PBXFileReference; lastKnownFileType = sourcecode.c.h; path = TransitionManager.h; sourceTree = "<group>"; };
		8E9A65F325F5CF0800E44083 /* TransitionManager.m */ = {isa = PBXFileReference; lastKnownFileType = sourcecode.c.objc; path = TransitionManager.m; sourceTree = "<group>"; };
		8E9A65F825F5D04300E44083 /* TransitionAnimation.h */ = {isa = PBXFileReference; lastKnownFileType = sourcecode.c.h; path = TransitionAnimation.h; sourceTree = "<group>"; };
		8E9A65F925F5D04300E44083 /* TransitionAnimation.m */ = {isa = PBXFileReference; lastKnownFileType = sourcecode.c.objc; path = TransitionAnimation.m; sourceTree = "<group>"; };
		8E9A65FE25F5D4ED00E44083 /* InteractiveTransition.h */ = {isa = PBXFileReference; lastKnownFileType = sourcecode.c.h; path = InteractiveTransition.h; sourceTree = "<group>"; };
		8E9A65FF25F5D4ED00E44083 /* InteractiveTransition.m */ = {isa = PBXFileReference; lastKnownFileType = sourcecode.c.objc; path = InteractiveTransition.m; sourceTree = "<group>"; };
		8EF1141B26007DED00EA2508 /* Trans.h */ = {isa = PBXFileReference; lastKnownFileType = sourcecode.c.h; path = Trans.h; sourceTree = "<group>"; };
		8EF1141C26007DED00EA2508 /* Trans.m */ = {isa = PBXFileReference; lastKnownFileType = sourcecode.c.objc; path = Trans.m; sourceTree = "<group>"; };
		8EF114222600A84E00EA2508 /* InteractiveTransition.h */ = {isa = PBXFileReference; lastKnownFileType = sourcecode.c.h; path = InteractiveTransition.h; sourceTree = "<group>"; };
		8EF114232600A84E00EA2508 /* InteractiveTransition.m */ = {isa = PBXFileReference; lastKnownFileType = sourcecode.c.objc; path = InteractiveTransition.m; sourceTree = "<group>"; };
/* End PBXFileReference section */

/* Begin PBXFrameworksBuildPhase section */
		8E29219125F21DAF00BF0EE0 /* Frameworks */ = {
			isa = PBXFrameworksBuildPhase;
			buildActionMask = 2147483647;
			files = (
			);
			runOnlyForDeploymentPostprocessing = 0;
		};
		8E2921AC25F21DB100BF0EE0 /* Frameworks */ = {
			isa = PBXFrameworksBuildPhase;
			buildActionMask = 2147483647;
			files = (
			);
			runOnlyForDeploymentPostprocessing = 0;
		};
		8E2921B725F21DB100BF0EE0 /* Frameworks */ = {
			isa = PBXFrameworksBuildPhase;
			buildActionMask = 2147483647;
			files = (
			);
			runOnlyForDeploymentPostprocessing = 0;
		};
/* End PBXFrameworksBuildPhase section */

/* Begin PBXGroup section */
		8E29218B25F21DAF00BF0EE0 = {
			isa = PBXGroup;
			children = (
				8E29219625F21DAF00BF0EE0 /* 专场动画 */,
				8E2921B225F21DB100BF0EE0 /* 专场动画Tests */,
				8E2921BD25F21DB100BF0EE0 /* 专场动画UITests */,
				8E29219525F21DAF00BF0EE0 /* Products */,
			);
			sourceTree = "<group>";
		};
		8E29219525F21DAF00BF0EE0 /* Products */ = {
			isa = PBXGroup;
			children = (
				8E29219425F21DAF00BF0EE0 /* 专场动画.app */,
				8E2921AF25F21DB100BF0EE0 /* 专场动画Tests.xctest */,
				8E2921BA25F21DB100BF0EE0 /* 专场动画UITests.xctest */,
			);
			name = Products;
			sourceTree = "<group>";
		};
		8E29219625F21DAF00BF0EE0 /* 专场动画 */ = {
			isa = PBXGroup;
			children = (
				8EF114212600A83D00EA2508 /* demo */,
				8E9A65E525F5CE8400E44083 /* transition */,
				8E29219725F21DAF00BF0EE0 /* AppDelegate.h */,
				8E29219825F21DAF00BF0EE0 /* AppDelegate.m */,
				8E29219A25F21DAF00BF0EE0 /* SceneDelegate.h */,
				8E29219B25F21DAF00BF0EE0 /* SceneDelegate.m */,
				8E29219D25F21DAF00BF0EE0 /* ViewController.h */,
				8E29219E25F21DAF00BF0EE0 /* ViewController.m */,
				8E2921CF25F2222500BF0EE0 /* TransViewController.h */,
				8E2921D025F2222500BF0EE0 /* TransViewController.m */,
				8E2921A025F21DAF00BF0EE0 /* Main.storyboard */,
				8E2921A325F21DB000BF0EE0 /* Assets.xcassets */,
				8E2921A525F21DB000BF0EE0 /* LaunchScreen.storyboard */,
				8E2921A825F21DB000BF0EE0 /* Info.plist */,
				8E2921A925F21DB000BF0EE0 /* main.m */,
			);
			path = "专场动画";
			sourceTree = "<group>";
		};
		8E2921B225F21DB100BF0EE0 /* 专场动画Tests */ = {
			isa = PBXGroup;
			children = (
				8E2921B325F21DB100BF0EE0 /* ____Tests.m */,
				8E2921B525F21DB100BF0EE0 /* Info.plist */,
			);
			path = "专场动画Tests";
			sourceTree = "<group>";
		};
		8E2921BD25F21DB100BF0EE0 /* 专场动画UITests */ = {
			isa = PBXGroup;
			children = (
				8E2921BE25F21DB100BF0EE0 /* ____UITests.m */,
				8E2921C025F21DB100BF0EE0 /* Info.plist */,
			);
			path = "专场动画UITests";
			sourceTree = "<group>";
		};
		8E9A65E525F5CE8400E44083 /* transition */ = {
			isa = PBXGroup;
			children = (
				8E9A65F225F5CF0800E44083 /* TransitionManager.h */,
				8E9A65F325F5CF0800E44083 /* TransitionManager.m */,
				8E9A65F825F5D04300E44083 /* TransitionAnimation.h */,
				8E9A65F925F5D04300E44083 /* TransitionAnimation.m */,
				8E9A65FE25F5D4ED00E44083 /* InteractiveTransition.h */,
				8E9A65FF25F5D4ED00E44083 /* InteractiveTransition.m */,
			);
			path = transition;
			sourceTree = "<group>";
		};
		8EF114212600A83D00EA2508 /* demo */ = {
			isa = PBXGroup;
			children = (
				8EF1141B26007DED00EA2508 /* Trans.h */,
				8EF1141C26007DED00EA2508 /* Trans.m */,
				8EF114222600A84E00EA2508 /* InteractiveTransition.h */,
				8EF114232600A84E00EA2508 /* InteractiveTransition.m */,
			);
			path = demo;
			sourceTree = "<group>";
		};
/* End PBXGroup section */

/* Begin PBXNativeTarget section */
		8E29219325F21DAF00BF0EE0 /* 专场动画 */ = {
			isa = PBXNativeTarget;
			buildConfigurationList = 8E2921C325F21DB100BF0EE0 /* Build configuration list for PBXNativeTarget "专场动画" */;
			buildPhases = (
				8E29219025F21DAF00BF0EE0 /* Sources */,
				8E29219125F21DAF00BF0EE0 /* Frameworks */,
				8E29219225F21DAF00BF0EE0 /* Resources */,
			);
			buildRules = (
			);
			dependencies = (
			);
			name = "专场动画";
			productName = "专场动画";
			productReference = 8E29219425F21DAF00BF0EE0 /* 专场动画.app */;
			productType = "com.apple.product-type.application";
		};
		8E2921AE25F21DB100BF0EE0 /* 专场动画Tests */ = {
			isa = PBXNativeTarget;
			buildConfigurationList = 8E2921C625F21DB100BF0EE0 /* Build configuration list for PBXNativeTarget "专场动画Tests" */;
			buildPhases = (
				8E2921AB25F21DB100BF0EE0 /* Sources */,
				8E2921AC25F21DB100BF0EE0 /* Frameworks */,
				8E2921AD25F21DB100BF0EE0 /* Resources */,
			);
			buildRules = (
			);
			dependencies = (
				8E2921B125F21DB100BF0EE0 /* PBXTargetDependency */,
			);
			name = "专场动画Tests";
			productName = "专场动画Tests";
			productReference = 8E2921AF25F21DB100BF0EE0 /* 专场动画Tests.xctest */;
			productType = "com.apple.product-type.bundle.unit-test";
		};
		8E2921B925F21DB100BF0EE0 /* 专场动画UITests */ = {
			isa = PBXNativeTarget;
			buildConfigurationList = 8E2921C925F21DB100BF0EE0 /* Build configuration list for PBXNativeTarget "专场动画UITests" */;
			buildPhases = (
				8E2921B625F21DB100BF0EE0 /* Sources */,
				8E2921B725F21DB100BF0EE0 /* Frameworks */,
				8E2921B825F21DB100BF0EE0 /* Resources */,
			);
			buildRules = (
			);
			dependencies = (
				8E2921BC25F21DB100BF0EE0 /* PBXTargetDependency */,
			);
			name = "专场动画UITests";
			productName = "专场动画UITests";
			productReference = 8E2921BA25F21DB100BF0EE0 /* 专场动画UITests.xctest */;
			productType = "com.apple.product-type.bundle.ui-testing";
		};
/* End PBXNativeTarget section */

/* Begin PBXProject section */
		8E29218C25F21DAF00BF0EE0 /* Project object */ = {
			isa = PBXProject;
			attributes = {
				LastUpgradeCheck = 1240;
				TargetAttributes = {
					8E29219325F21DAF00BF0EE0 = {
						CreatedOnToolsVersion = 12.4;
					};
					8E2921AE25F21DB100BF0EE0 = {
						CreatedOnToolsVersion = 12.4;
						TestTargetID = 8E29219325F21DAF00BF0EE0;
					};
					8E2921B925F21DB100BF0EE0 = {
						CreatedOnToolsVersion = 12.4;
						TestTargetID = 8E29219325F21DAF00BF0EE0;
					};
				};
			};
			buildConfigurationList = 8E29218F25F21DAF00BF0EE0 /* Build configuration list for PBXProject "专场动画" */;
			compatibilityVersion = "Xcode 9.3";
			developmentRegion = en;
			hasScannedForEncodings = 0;
			knownRegions = (
				en,
				Base,
			);
			mainGroup = 8E29218B25F21DAF00BF0EE0;
			productRefGroup = 8E29219525F21DAF00BF0EE0 /* Products */;
			projectDirPath = "";
			projectRoot = "";
			targets = (
				8E29219325F21DAF00BF0EE0 /* 专场动画 */,
				8E2921AE25F21DB100BF0EE0 /* 专场动画Tests */,
				8E2921B925F21DB100BF0EE0 /* 专场动画UITests */,
			);
		};
/* End PBXProject section */

/* Begin PBXResourcesBuildPhase section */
		8E29219225F21DAF00BF0EE0 /* Resources */ = {
			isa = PBXResourcesBuildPhase;
			buildActionMask = 2147483647;
			files = (
				8E2921A725F21DB000BF0EE0 /* LaunchScreen.storyboard in Resources */,
				8E2921A425F21DB000BF0EE0 /* Assets.xcassets in Resources */,
				8E2921A225F21DAF00BF0EE0 /* Main.storyboard in Resources */,
			);
			runOnlyForDeploymentPostprocessing = 0;
		};
		8E2921AD25F21DB100BF0EE0 /* Resources */ = {
			isa = PBXResourcesBuildPhase;
			buildActionMask = 2147483647;
			files = (
			);
			runOnlyForDeploymentPostprocessing = 0;
		};
		8E2921B825F21DB100BF0EE0 /* Resources */ = {
			isa = PBXResourcesBuildPhase;
			buildActionMask = 2147483647;
			files = (
			);
			runOnlyForDeploymentPostprocessing = 0;
		};
/* End PBXResourcesBuildPhase section */

/* Begin PBXSourcesBuildPhase section */
		8E29219025F21DAF00BF0EE0 /* Sources */ = {
			isa = PBXSourcesBuildPhase;
			buildActionMask = 2147483647;
			files = (
				8EF1141D26007DED00EA2508 /* Trans.m in Sources */,
				8E9A65FA25F5D04300E44083 /* TransitionAnimation.m in Sources */,
				8E29219F25F21DAF00BF0EE0 /* ViewController.m in Sources */,
				8E29219925F21DAF00BF0EE0 /* AppDelegate.m in Sources */,
				8E9A660025F5D4ED00E44083 /* InteractiveTransition.m in Sources */,
				8E2921AA25F21DB000BF0EE0 /* main.m in Sources */,
				8E29219C25F21DAF00BF0EE0 /* SceneDelegate.m in Sources */,
				8E9A65F425F5CF0800E44083 /* TransitionManager.m in Sources */,
				8E2921D125F2222500BF0EE0 /* TransViewController.m in Sources */,
				8EF114242600A84E00EA2508 /* InteractiveTransition.m in Sources */,
			);
			runOnlyForDeploymentPostprocessing = 0;
		};
		8E2921AB25F21DB100BF0EE0 /* Sources */ = {
			isa = PBXSourcesBuildPhase;
			buildActionMask = 2147483647;
			files = (
				8E2921B425F21DB100BF0EE0 /* ____Tests.m in Sources */,
			);
			runOnlyForDeploymentPostprocessing = 0;
		};
		8E2921B625F21DB100BF0EE0 /* Sources */ = {
			isa = PBXSourcesBuildPhase;
			buildActionMask = 2147483647;
			files = (
				8E2921BF25F21DB100BF0EE0 /* ____UITests.m in Sources */,
			);
			runOnlyForDeploymentPostprocessing = 0;
		};
/* End PBXSourcesBuildPhase section */

/* Begin PBXTargetDependency section */
		8E2921B125F21DB100BF0EE0 /* PBXTargetDependency */ = {
			isa = PBXTargetDependency;
			target = 8E29219325F21DAF00BF0EE0 /* 专场动画 */;
			targetProxy = 8E2921B025F21DB100BF0EE0 /* PBXContainerItemProxy */;
		};
		8E2921BC25F21DB100BF0EE0 /* PBXTargetDependency */ = {
			isa = PBXTargetDependency;
			target = 8E29219325F21DAF00BF0EE0 /* 专场动画 */;
			targetProxy = 8E2921BB25F21DB100BF0EE0 /* PBXContainerItemProxy */;
		};
/* End PBXTargetDependency section */

/* Begin PBXVariantGroup section */
		8E2921A025F21DAF00BF0EE0 /* Main.storyboard */ = {
			isa = PBXVariantGroup;
			children = (
				8E2921A125F21DAF00BF0EE0 /* Base */,
			);
			name = Main.storyboard;
			sourceTree = "<group>";
		};
		8E2921A525F21DB000BF0EE0 /* LaunchScreen.storyboard */ = {
			isa = PBXVariantGroup;
			children = (
				8E2921A625F21DB000BF0EE0 /* Base */,
			);
			name = LaunchScreen.storyboard;
			sourceTree = "<group>";
		};
/* End PBXVariantGroup section */

/* Begin XCBuildConfiguration section */
		8E2921C125F21DB100BF0EE0 /* Debug */ = {
			isa = XCBuildConfiguration;
			buildSettings = {
				ALWAYS_SEARCH_USER_PATHS = NO;
				CLANG_ANALYZER_NONNULL = YES;
				CLANG_ANALYZER_NUMBER_OBJECT_CONVERSION = YES_AGGRESSIVE;
				CLANG_CXX_LANGUAGE_STANDARD = "gnu++14";
				CLANG_CXX_LIBRARY = "libc++";
				CLANG_ENABLE_MODULES = YES;
				CLANG_ENABLE_OBJC_ARC = YES;
				CLANG_ENABLE_OBJC_WEAK = YES;
				CLANG_WARN_BLOCK_CAPTURE_AUTORELEASING = YES;
				CLANG_WARN_BOOL_CONVERSION = YES;
				CLANG_WARN_COMMA = YES;
				CLANG_WARN_CONSTANT_CONVERSION = YES;
				CLANG_WARN_DEPRECATED_OBJC_IMPLEMENTATIONS = YES;
				CLANG_WARN_DIRECT_OBJC_ISA_USAGE = YES_ERROR;
				CLANG_WARN_DOCUMENTATION_COMMENTS = YES;
				CLANG_WARN_EMPTY_BODY = YES;
				CLANG_WARN_ENUM_CONVERSION = YES;
				CLANG_WARN_INFINITE_RECURSION = YES;
				CLANG_WARN_INT_CONVERSION = YES;
				CLANG_WARN_NON_LITERAL_NULL_CONVERSION = YES;
				CLANG_WARN_OBJC_IMPLICIT_RETAIN_SELF = YES;
				CLANG_WARN_OBJC_LITERAL_CONVERSION = YES;
				CLANG_WARN_OBJC_ROOT_CLASS = YES_ERROR;
				CLANG_WARN_QUOTED_INCLUDE_IN_FRAMEWORK_HEADER = YES;
				CLANG_WARN_RANGE_LOOP_ANALYSIS = YES;
				CLANG_WARN_STRICT_PROTOTYPES = YES;
				CLANG_WARN_SUSPICIOUS_MOVE = YES;
				CLANG_WARN_UNGUARDED_AVAILABILITY = YES_AGGRESSIVE;
				CLANG_WARN_UNREACHABLE_CODE = YES;
				CLANG_WARN__DUPLICATE_METHOD_MATCH = YES;
				COPY_PHASE_STRIP = NO;
				DEBUG_INFORMATION_FORMAT = dwarf;
				ENABLE_STRICT_OBJC_MSGSEND = YES;
				ENABLE_TESTABILITY = YES;
				GCC_C_LANGUAGE_STANDARD = gnu11;
				GCC_DYNAMIC_NO_PIC = NO;
				GCC_NO_COMMON_BLOCKS = YES;
				GCC_OPTIMIZATION_LEVEL = 0;
				GCC_PREPROCESSOR_DEFINITIONS = (
					"DEBUG=1",
					"$(inherited)",
				);
				GCC_WARN_64_TO_32_BIT_CONVERSION = YES;
				GCC_WARN_ABOUT_RETURN_TYPE = YES_ERROR;
				GCC_WARN_UNDECLARED_SELECTOR = YES;
				GCC_WARN_UNINITIALIZED_AUTOS = YES_AGGRESSIVE;
				GCC_WARN_UNUSED_FUNCTION = YES;
				GCC_WARN_UNUSED_VARIABLE = YES;
				IPHONEOS_DEPLOYMENT_TARGET = 14.4;
				MTL_ENABLE_DEBUG_INFO = INCLUDE_SOURCE;
				MTL_FAST_MATH = YES;
				ONLY_ACTIVE_ARCH = YES;
				SDKROOT = iphoneos;
			};
			name = Debug;
		};
		8E2921C225F21DB100BF0EE0 /* Release */ = {
			isa = XCBuildConfiguration;
			buildSettings = {
				ALWAYS_SEARCH_USER_PATHS = NO;
				CLANG_ANALYZER_NONNULL = YES;
				CLANG_ANALYZER_NUMBER_OBJECT_CONVERSION = YES_AGGRESSIVE;
				CLANG_CXX_LANGUAGE_STANDARD = "gnu++14";
				CLANG_CXX_LIBRARY = "libc++";
				CLANG_ENABLE_MODULES = YES;
				CLANG_ENABLE_OBJC_ARC = YES;
				CLANG_ENABLE_OBJC_WEAK = YES;
				CLANG_WARN_BLOCK_CAPTURE_AUTORELEASING = YES;
				CLANG_WARN_BOOL_CONVERSION = YES;
				CLANG_WARN_COMMA = YES;
				CLANG_WARN_CONSTANT_CONVERSION = YES;
				CLANG_WARN_DEPRECATED_OBJC_IMPLEMENTATIONS = YES;
				CLANG_WARN_DIRECT_OBJC_ISA_USAGE = YES_ERROR;
				CLANG_WARN_DOCUMENTATION_COMMENTS = YES;
				CLANG_WARN_EMPTY_BODY = YES;
				CLANG_WARN_ENUM_CONVERSION = YES;
				CLANG_WARN_INFINITE_RECURSION = YES;
				CLANG_WARN_INT_CONVERSION = YES;
				CLANG_WARN_NON_LITERAL_NULL_CONVERSION = YES;
				CLANG_WARN_OBJC_IMPLICIT_RETAIN_SELF = YES;
				CLANG_WARN_OBJC_LITERAL_CONVERSION = YES;
				CLANG_WARN_OBJC_ROOT_CLASS = YES_ERROR;
				CLANG_WARN_QUOTED_INCLUDE_IN_FRAMEWORK_HEADER = YES;
				CLANG_WARN_RANGE_LOOP_ANALYSIS = YES;
				CLANG_WARN_STRICT_PROTOTYPES = YES;
				CLANG_WARN_SUSPICIOUS_MOVE = YES;
				CLANG_WARN_UNGUARDED_AVAILABILITY = YES_AGGRESSIVE;
				CLANG_WARN_UNREACHABLE_CODE = YES;
				CLANG_WARN__DUPLICATE_METHOD_MATCH = YES;
				COPY_PHASE_STRIP = NO;
				DEBUG_INFORMATION_FORMAT = "dwarf-with-dsym";
				ENABLE_NS_ASSERTIONS = NO;
				ENABLE_STRICT_OBJC_MSGSEND = YES;
				GCC_C_LANGUAGE_STANDARD = gnu11;
				GCC_NO_COMMON_BLOCKS = YES;
				GCC_WARN_64_TO_32_BIT_CONVERSION = YES;
				GCC_WARN_ABOUT_RETURN_TYPE = YES_ERROR;
				GCC_WARN_UNDECLARED_SELECTOR = YES;
				GCC_WARN_UNINITIALIZED_AUTOS = YES_AGGRESSIVE;
				GCC_WARN_UNUSED_FUNCTION = YES;
				GCC_WARN_UNUSED_VARIABLE = YES;
				IPHONEOS_DEPLOYMENT_TARGET = 14.4;
				MTL_ENABLE_DEBUG_INFO = NO;
				MTL_FAST_MATH = YES;
				SDKROOT = iphoneos;
				VALIDATE_PRODUCT = YES;
			};
			name = Release;
		};
		8E2921C425F21DB100BF0EE0 /* Debug */ = {
			isa = XCBuildConfiguration;
			buildSettings = {
				ASSETCATALOG_COMPILER_APPICON_NAME = AppIcon;
				ASSETCATALOG_COMPILER_GLOBAL_ACCENT_COLOR_NAME = AccentColor;
				CODE_SIGN_STYLE = Automatic;
				INFOPLIST_FILE = "专场动画/Info.plist";
				LD_RUNPATH_SEARCH_PATHS = (
					"$(inherited)",
					"@executable_path/Frameworks",
				);
				PRODUCT_BUNDLE_IDENTIFIER = "com.linzaifei.----";
				PRODUCT_NAME = "$(TARGET_NAME)";
				TARGETED_DEVICE_FAMILY = "1,2";
			};
			name = Debug;
		};
		8E2921C525F21DB100BF0EE0 /* Release */ = {
			isa = XCBuildConfiguration;
			buildSettings = {
				ASSETCATALOG_COMPILER_APPICON_NAME = AppIcon;
				ASSETCATALOG_COMPILER_GLOBAL_ACCENT_COLOR_NAME = AccentColor;
				CODE_SIGN_STYLE = Automatic;
				INFOPLIST_FILE = "专场动画/Info.plist";
				LD_RUNPATH_SEARCH_PATHS = (
					"$(inherited)",
					"@executable_path/Frameworks",
				);
				PRODUCT_BUNDLE_IDENTIFIER = "com.linzaifei.----";
				PRODUCT_NAME = "$(TARGET_NAME)";
				TARGETED_DEVICE_FAMILY = "1,2";
			};
			name = Release;
		};
		8E2921C725F21DB100BF0EE0 /* Debug */ = {
			isa = XCBuildConfiguration;
			buildSettings = {
				BUNDLE_LOADER = "$(TEST_HOST)";
				CODE_SIGN_STYLE = Automatic;
				INFOPLIST_FILE = "专场动画Tests/Info.plist";
				IPHONEOS_DEPLOYMENT_TARGET = 14.4;
				LD_RUNPATH_SEARCH_PATHS = (
					"$(inherited)",
					"@executable_path/Frameworks",
					"@loader_path/Frameworks",
				);
				PRODUCT_BUNDLE_IDENTIFIER = "com.linzaifei.----Tests";
				PRODUCT_NAME = "$(TARGET_NAME)";
				TARGETED_DEVICE_FAMILY = "1,2";
				TEST_HOST = "$(BUILT_PRODUCTS_DIR)/专场动画.app/专场动画";
			};
			name = Debug;
		};
		8E2921C825F21DB100BF0EE0 /* Release */ = {
			isa = XCBuildConfiguration;
			buildSettings = {
				BUNDLE_LOADER = "$(TEST_HOST)";
				CODE_SIGN_STYLE = Automatic;
				INFOPLIST_FILE = "专场动画Tests/Info.plist";
				IPHONEOS_DEPLOYMENT_TARGET = 14.4;
				LD_RUNPATH_SEARCH_PATHS = (
					"$(inherited)",
					"@executable_path/Frameworks",
					"@loader_path/Frameworks",
				);
				PRODUCT_BUNDLE_IDENTIFIER = "com.linzaifei.----Tests";
				PRODUCT_NAME = "$(TARGET_NAME)";
				TARGETED_DEVICE_FAMILY = "1,2";
				TEST_HOST = "$(BUILT_PRODUCTS_DIR)/专场动画.app/专场动画";
			};
			name = Release;
		};
		8E2921CA25F21DB100BF0EE0 /* Debug */ = {
			isa = XCBuildConfiguration;
			buildSettings = {
				CODE_SIGN_STYLE = Automatic;
				INFOPLIST_FILE = "专场动画UITests/Info.plist";
				LD_RUNPATH_SEARCH_PATHS = (
					"$(inherited)",
					"@executable_path/Frameworks",
					"@loader_path/Frameworks",
				);
				PRODUCT_BUNDLE_IDENTIFIER = "com.linzaifei.----UITests";
				PRODUCT_NAME = "$(TARGET_NAME)";
				TARGETED_DEVICE_FAMILY = "1,2";
				TEST_TARGET_NAME = "专场动画";
			};
			name = Debug;
		};
		8E2921CB25F21DB100BF0EE0 /* Release */ = {
			isa = XCBuildConfiguration;
			buildSettings = {
				CODE_SIGN_STYLE = Automatic;
				INFOPLIST_FILE = "专场动画UITests/Info.plist";
				LD_RUNPATH_SEARCH_PATHS = (
					"$(inherited)",
					"@executable_path/Frameworks",
					"@loader_path/Frameworks",
				);
				PRODUCT_BUNDLE_IDENTIFIER = "com.linzaifei.----UITests";
				PRODUCT_NAME = "$(TARGET_NAME)";
				TARGETED_DEVICE_FAMILY = "1,2";
				TEST_TARGET_NAME = "专场动画";
			};
			name = Release;
		};
/* End XCBuildConfiguration section */

/* Begin XCConfigurationList section */
		8E29218F25F21DAF00BF0EE0 /* Build configuration list for PBXProject "专场动画" */ = {
			isa = XCConfigurationList;
			buildConfigurations = (
				8E2921C125F21DB100BF0EE0 /* Debug */,
				8E2921C225F21DB100BF0EE0 /* Release */,
			);
			defaultConfigurationIsVisible = 0;
			defaultConfigurationName = Release;
		};
		8E2921C325F21DB100BF0EE0 /* Build configuration list for PBXNativeTarget "专场动画" */ = {
			isa = XCConfigurationList;
			buildConfigurations = (
				8E2921C425F21DB100BF0EE0 /* Debug */,
				8E2921C525F21DB100BF0EE0 /* Release */,
			);
			defaultConfigurationIsVisible = 0;
			defaultConfigurationName = Release;
		};
		8E2921C625F21DB100BF0EE0 /* Build configuration list for PBXNativeTarget "专场动画Tests" */ = {
			isa = XCConfigurationList;
			buildConfigurations = (
				8E2921C725F21DB100BF0EE0 /* Debug */,
				8E2921C825F21DB100BF0EE0 /* Release */,
			);
			defaultConfigurationIsVisible = 0;
			defaultConfigurationName = Release;
		};
		8E2921C925F21DB100BF0EE0 /* Build configuration list for PBXNativeTarget "专场动画UITests" */ = {
			isa = XCConfigurationList;
			buildConfigurations = (
				8E2921CA25F21DB100BF0EE0 /* Debug */,
				8E2921CB25F21DB100BF0EE0 /* Release */,
			);
			defaultConfigurationIsVisible = 0;
			defaultConfigurationName = Release;
		};
/* End XCConfigurationList section */
	};
	rootObject = 8E29218C25F21DAF00BF0EE0 /* Project object */;
}
